// !$*UTF8*$!
{
	archiveVersion = 1;
	classes = {
	};
	objectVersion = 56;
	objects = {

/* Begin PBXBuildFile section */
		35262A9129C1A922002DC75B /* cLock_TimerApp.swift in Sources */ = {isa = PBXBuildFile; fileRef = 35262A9029C1A922002DC75B /* cLock_TimerApp.swift */; };
		35262A9329C1A922002DC75B /* ContentView.swift in Sources */ = {isa = PBXBuildFile; fileRef = 35262A9229C1A922002DC75B /* ContentView.swift */; };
		35262A9529C1A927002DC75B /* Assets.xcassets in Resources */ = {isa = PBXBuildFile; fileRef = 35262A9429C1A927002DC75B /* Assets.xcassets */; };
		35262A9829C1A927002DC75B /* Preview Assets.xcassets in Resources */ = {isa = PBXBuildFile; fileRef = 35262A9729C1A927002DC75B /* Preview Assets.xcassets */; };
		35262A9F29C1AA7C002DC75B /* PickerView.swift in Sources */ = {isa = PBXBuildFile; fileRef = 35262A9E29C1AA7C002DC75B /* PickerView.swift */; };
		35262AA129C1AA8C002DC75B /* TimeManager.swift in Sources */ = {isa = PBXBuildFile; fileRef = 35262AA029C1AA8C002DC75B /* TimeManager.swift */; };
		35262AA529C1AC1B002DC75B /* StartTimePickerView.swift in Sources */ = {isa = PBXBuildFile; fileRef = 35262AA429C1AC1B002DC75B /* StartTimePickerView.swift */; };
		35262AA729C1AF14002DC75B /* TimerSettingView.swift in Sources */ = {isa = PBXBuildFile; fileRef = 35262AA629C1AF14002DC75B /* TimerSettingView.swift */; };
		35262AA929C1B0E8002DC75B /* UserDataView.swift in Sources */ = {isa = PBXBuildFile; fileRef = 35262AA829C1B0E8002DC75B /* UserDataView.swift */; };
		35262AAB29C1B248002DC75B /* TaskView.swift in Sources */ = {isa = PBXBuildFile; fileRef = 35262AAA29C1B248002DC75B /* TaskView.swift */; };
		35262AAD29C1B409002DC75B /* Data.swift in Sources */ = {isa = PBXBuildFile; fileRef = 35262AAC29C1B409002DC75B /* Data.swift */; };
		3526C1EF29F7D9ED00855D79 /* MiniPointView.swift in Sources */ = {isa = PBXBuildFile; fileRef = 3526C1EE29F7D9ED00855D79 /* MiniPointView.swift */; };
		35274AA629FA8C5F00D127A6 /* ShowMoreView.swift in Sources */ = {isa = PBXBuildFile; fileRef = 35274AA529FA8C5F00D127A6 /* ShowMoreView.swift */; };
		354294EE29C1E0D000A1456D /* SettingView.swift in Sources */ = {isa = PBXBuildFile; fileRef = 354294ED29C1E0D000A1456D /* SettingView.swift */; };
		355824EB29FF918700C2103B /* RKViewController.swift in Sources */ = {isa = PBXBuildFile; fileRef = 355824E429FF918700C2103B /* RKViewController.swift */; };
		355824EC29FF918700C2103B /* RKManager.swift in Sources */ = {isa = PBXBuildFile; fileRef = 355824E529FF918700C2103B /* RKManager.swift */; };
		355824ED29FF918700C2103B /* RKWeekdayHeader.swift in Sources */ = {isa = PBXBuildFile; fileRef = 355824E629FF918700C2103B /* RKWeekdayHeader.swift */; };
		355824EE29FF918700C2103B /* RKMonth.swift in Sources */ = {isa = PBXBuildFile; fileRef = 355824E729FF918700C2103B /* RKMonth.swift */; };
		355824EF29FF918700C2103B /* RKCell.swift in Sources */ = {isa = PBXBuildFile; fileRef = 355824E829FF918700C2103B /* RKCell.swift */; };
		355824F029FF918700C2103B /* RKColorSettings.swift in Sources */ = {isa = PBXBuildFile; fileRef = 355824E929FF918700C2103B /* RKColorSettings.swift */; };
		355824F129FF918700C2103B /* RKDate.swift in Sources */ = {isa = PBXBuildFile; fileRef = 355824EA29FF918700C2103B /* RKDate.swift */; };
		3561432429D9A32D00DAB00A /* CharacterQuestionView.swift in Sources */ = {isa = PBXBuildFile; fileRef = 3561432329D9A32D00DAB00A /* CharacterQuestionView.swift */; };
		3566526329ED41A80090F21A /* PointView.swift in Sources */ = {isa = PBXBuildFile; fileRef = 3566526229ED41A80090F21A /* PointView.swift */; };
		35689F1A29D689E100D2BA3F /* WidgetKit.framework in Frameworks */ = {isa = PBXBuildFile; fileRef = 35689F1929D689E100D2BA3F /* WidgetKit.framework */; };
		35689F1C29D689E100D2BA3F /* SwiftUI.framework in Frameworks */ = {isa = PBXBuildFile; fileRef = 35689F1B29D689E100D2BA3F /* SwiftUI.framework */; };
		35689F1F29D689E100D2BA3F /* cLockTimerWidgetBundle.swift in Sources */ = {isa = PBXBuildFile; fileRef = 35689F1E29D689E100D2BA3F /* cLockTimerWidgetBundle.swift */; };
		35689F2129D689E100D2BA3F /* cLockTimerWidgetLiveActivity.swift in Sources */ = {isa = PBXBuildFile; fileRef = 35689F2029D689E100D2BA3F /* cLockTimerWidgetLiveActivity.swift */; };
		35689F2329D689E100D2BA3F /* cLockTimerWidget.swift in Sources */ = {isa = PBXBuildFile; fileRef = 35689F2229D689E100D2BA3F /* cLockTimerWidget.swift */; };
		35689F2529D689E400D2BA3F /* Assets.xcassets in Resources */ = {isa = PBXBuildFile; fileRef = 35689F2429D689E400D2BA3F /* Assets.xcassets */; };
		35689F2929D689E400D2BA3F /* cLockTimerWidgetExtension.appex in Embed Foundation Extensions */ = {isa = PBXBuildFile; fileRef = 35689F1829D689E100D2BA3F /* cLockTimerWidgetExtension.appex */; settings = {ATTRIBUTES = (RemoveHeadersOnCopy, ); }; };
		357E7AE129D836260082F219 /* ImageSaver.swift in Sources */ = {isa = PBXBuildFile; fileRef = 357E7AE029D836260082F219 /* ImageSaver.swift */; };
		357EE1D029EE614B00A42E77 /* GachaView.swift in Sources */ = {isa = PBXBuildFile; fileRef = 357EE1CF29EE614B00A42E77 /* GachaView.swift */; };
		357EE1D429F008B400A42E77 /* Animation.swift in Sources */ = {isa = PBXBuildFile; fileRef = 357EE1D329F008B400A42E77 /* Animation.swift */; };
		357EE1D629F01CD600A42E77 /* HowToUseView.swift in Sources */ = {isa = PBXBuildFile; fileRef = 357EE1D529F01CD600A42E77 /* HowToUseView.swift */; };
		357EE1D829F249A100A42E77 /* MainContentView.swift in Sources */ = {isa = PBXBuildFile; fileRef = 357EE1D729F249A100A42E77 /* MainContentView.swift */; };
		357EE1DA29F2AA4600A42E77 /* TimerView.swift in Sources */ = {isa = PBXBuildFile; fileRef = 357EE1D929F2AA4600A42E77 /* TimerView.swift */; };
		357EE1DC29F2CAED00A42E77 /* DemoView.swift in Sources */ = {isa = PBXBuildFile; fileRef = 357EE1DB29F2CAED00A42E77 /* DemoView.swift */; };
		35AB068629D296F300338873 /* CharacterData.swift in Sources */ = {isa = PBXBuildFile; fileRef = 35AB068529D296F300338873 /* CharacterData.swift */; };
		35AB068829D2CCBE00338873 /* CharacterDetailView.swift in Sources */ = {isa = PBXBuildFile; fileRef = 35AB068729D2CCBE00338873 /* CharacterDetailView.swift */; };
		35EAD27429C462C1002A15A6 /* Task.swift in Sources */ = {isa = PBXBuildFile; fileRef = 35EAD27329C462C1002A15A6 /* Task.swift */; };
		35EAD27629C46323002A15A6 /* DateValue.swift in Sources */ = {isa = PBXBuildFile; fileRef = 35EAD27529C46323002A15A6 /* DateValue.swift */; };
		35EAD27829C5DC46002A15A6 /* TestContentView.swift in Sources */ = {isa = PBXBuildFile; fileRef = 35EAD27729C5DC46002A15A6 /* TestContentView.swift */; };
		35EAD27B29C6D512002A15A6 /* SquareProgressView.swift in Sources */ = {isa = PBXBuildFile; fileRef = 35EAD27A29C6D512002A15A6 /* SquareProgressView.swift */; };
		35EF6A8C29F6572F00DB5B46 /* FontListView.swift in Sources */ = {isa = PBXBuildFile; fileRef = 35EF6A8B29F6572F00DB5B46 /* FontListView.swift */; };
		35EF6A8E29F6613300DB5B46 /* TimerTextView.swift in Sources */ = {isa = PBXBuildFile; fileRef = 35EF6A8D29F6613300DB5B46 /* TimerTextView.swift */; };
		35EF6A9429F66BD600DB5B46 /* VCR OSD Mono 400.ttf in Resources */ = {isa = PBXBuildFile; fileRef = 35EF6A9229F66BD600DB5B46 /* VCR OSD Mono 400.ttf */; };
		35EF6AD429F66ECB00DB5B46 /* Iceberg 400.ttf in Resources */ = {isa = PBXBuildFile; fileRef = 35EF6ABE29F66EC900DB5B46 /* Iceberg 400.ttf */; };
		35EF6AD629F66ECB00DB5B46 /* 3270 Semi-Narrow 500.ttf in Resources */ = {isa = PBXBuildFile; fileRef = 35EF6AC129F66ECA00DB5B46 /* 3270 Semi-Narrow 500.ttf */; };
		35EF6AD729F66ECB00DB5B46 /* 3270-Medium 500.ttf in Resources */ = {isa = PBXBuildFile; fileRef = 35EF6AC229F66ECA00DB5B46 /* 3270-Medium 500.ttf */; };
		35EF6AD929F66ECB00DB5B46 /* 3270 Narrow 500.ttf in Resources */ = {isa = PBXBuildFile; fileRef = 35EF6AC429F66ECA00DB5B46 /* 3270 Narrow 500.ttf */; };
		35EF6ADA29F66ECB00DB5B46 /* Major Mono Display Regular 400.ttf in Resources */ = {isa = PBXBuildFile; fileRef = 35EF6AC629F66ECA00DB5B46 /* Major Mono Display Regular 400.ttf */; };
		35EF6ADC29F66ECB00DB5B46 /* Digital-7 Mono 400.ttf in Resources */ = {isa = PBXBuildFile; fileRef = 35EF6AC929F66ECA00DB5B46 /* Digital-7 Mono 400.ttf */; };
		35EF6ADD29F66ECB00DB5B46 /* Digital-7 Italic 400.ttf in Resources */ = {isa = PBXBuildFile; fileRef = 35EF6ACA29F66ECA00DB5B46 /* Digital-7 Italic 400.ttf */; };
		35EF6ADE29F66ECB00DB5B46 /* Digital-7 400.ttf in Resources */ = {isa = PBXBuildFile; fileRef = 35EF6ACB29F66ECA00DB5B46 /* Digital-7 400.ttf */; };
		35EF6AE029F66ECB00DB5B46 /* Digital-7 MonoItalic 400.ttf in Resources */ = {isa = PBXBuildFile; fileRef = 35EF6ACD29F66ECA00DB5B46 /* Digital-7 MonoItalic 400.ttf */; };
		35EF6AE129F66ECB00DB5B46 /* Computo Monospace 400.otf in Resources */ = {isa = PBXBuildFile; fileRef = 35EF6ACF29F66ECA00DB5B46 /* Computo Monospace 400.otf */; };
		35EF6AE329F66ECB00DB5B46 /* Digital Numbers 400.ttf in Resources */ = {isa = PBXBuildFile; fileRef = 35EF6AD229F66ECB00DB5B46 /* Digital Numbers 400.ttf */; };
		35EF6AE829F674DA00DB5B46 /* Libertinus Mono Regular 400.otf in Resources */ = {isa = PBXBuildFile; fileRef = 35EF6AE629F674DA00DB5B46 /* Libertinus Mono Regular 400.otf */; };
		35EF6AF029F6756800DB5B46 /* Static Bold 700.otf in Resources */ = {isa = PBXBuildFile; fileRef = 35EF6AEB29F6756800DB5B46 /* Static Bold 700.otf */; };
		35EF6AF129F6756800DB5B46 /* Static Italic 400.otf in Resources */ = {isa = PBXBuildFile; fileRef = 35EF6AEC29F6756800DB5B46 /* Static Italic 400.otf */; };
		35EF6AF229F6756800DB5B46 /* Static Bold Italic 700.otf in Resources */ = {isa = PBXBuildFile; fileRef = 35EF6AED29F6756800DB5B46 /* Static Bold Italic 700.otf */; };
		35EF6AF429F6756800DB5B46 /* Static Regular 400.otf in Resources */ = {isa = PBXBuildFile; fileRef = 35EF6AEF29F6756800DB5B46 /* Static Regular 400.otf */; };
		35EF6B0129F6782100DB5B46 /* TaurusMonoDistress-Bold 700.otf in Resources */ = {isa = PBXBuildFile; fileRef = 35EF6AF629F6782000DB5B46 /* TaurusMonoDistress-Bold 700.otf */; };
		35EF6B0229F6782100DB5B46 /* TaurusMonoStencilDistress-Bold 700.otf in Resources */ = {isa = PBXBuildFile; fileRef = 35EF6AF729F6782000DB5B46 /* TaurusMonoStencilDistress-Bold 700.otf */; };
		35EF6B0329F6782100DB5B46 /* TaurusMonoStencilDistress 400.otf in Resources */ = {isa = PBXBuildFile; fileRef = 35EF6AF829F6782000DB5B46 /* TaurusMonoStencilDistress 400.otf */; };
		35EF6B0429F6782100DB5B46 /* TaurusMonoOutline 400.otf in Resources */ = {isa = PBXBuildFile; fileRef = 35EF6AF929F6782000DB5B46 /* TaurusMonoOutline 400.otf */; };
		35EF6B0529F6782100DB5B46 /* TaurusMono-Bold 700.otf in Resources */ = {isa = PBXBuildFile; fileRef = 35EF6AFA29F6782000DB5B46 /* TaurusMono-Bold 700.otf */; };
		35EF6B0629F6782100DB5B46 /* TaurusMonoDistress 400.otf in Resources */ = {isa = PBXBuildFile; fileRef = 35EF6AFB29F6782000DB5B46 /* TaurusMonoDistress 400.otf */; };
		35EF6B0729F6782100DB5B46 /* TaurusMonoStencil 400.otf in Resources */ = {isa = PBXBuildFile; fileRef = 35EF6AFC29F6782000DB5B46 /* TaurusMonoStencil 400.otf */; };
		35EF6B0929F6782100DB5B46 /* TaurusMonoStencil-Bold 700.otf in Resources */ = {isa = PBXBuildFile; fileRef = 35EF6AFE29F6782000DB5B46 /* TaurusMonoStencil-Bold 700.otf */; };
		35EF6B0A29F6782100DB5B46 /* TaurusMonoOutline-Bold 700.otf in Resources */ = {isa = PBXBuildFile; fileRef = 35EF6AFF29F6782000DB5B46 /* TaurusMonoOutline-Bold 700.otf */; };
		35EF6B0B29F6782100DB5B46 /* TaurusMono 400.otf in Resources */ = {isa = PBXBuildFile; fileRef = 35EF6B0029F6782000DB5B46 /* TaurusMono 400.otf */; };
		35F60DB629CEF6ED00AEF890 /* TimeLineView.swift in Sources */ = {isa = PBXBuildFile; fileRef = 35F60DB529CEF6ED00AEF890 /* TimeLineView.swift */; };
		35FC6A8429C9D7A600A0D380 /* TestUserDataView.swift in Sources */ = {isa = PBXBuildFile; fileRef = 35FC6A8329C9D7A600A0D380 /* TestUserDataView.swift */; };
		35FC6A8629CB3DDB00A0D380 /* TimelineList.swift in Sources */ = {isa = PBXBuildFile; fileRef = 35FC6A8529CB3DDB00A0D380 /* TimelineList.swift */; };
		F2386459B8CD59025AE83951 /* Pods_cLock_Timer.framework in Frameworks */ = {isa = PBXBuildFile; fileRef = F82DA3020A35D44AF129389D /* Pods_cLock_Timer.framework */; };
/* End PBXBuildFile section */

/* Begin PBXContainerItemProxy section */
		35689F2729D689E400D2BA3F /* PBXContainerItemProxy */ = {
			isa = PBXContainerItemProxy;
			containerPortal = 35262A8529C1A922002DC75B /* Project object */;
			proxyType = 1;
			remoteGlobalIDString = 35689F1729D689E100D2BA3F;
			remoteInfo = cLockTimerWidgetExtension;
		};
/* End PBXContainerItemProxy section */

/* Begin PBXCopyFilesBuildPhase section */
		35689F2D29D689E400D2BA3F /* Embed Foundation Extensions */ = {
			isa = PBXCopyFilesBuildPhase;
			buildActionMask = 2147483647;
			dstPath = "";
			dstSubfolderSpec = 13;
			files = (
				35689F2929D689E400D2BA3F /* cLockTimerWidgetExtension.appex in Embed Foundation Extensions */,
			);
			name = "Embed Foundation Extensions";
			runOnlyForDeploymentPostprocessing = 0;
		};
/* End PBXCopyFilesBuildPhase section */

/* Begin PBXFileReference section */
		3411F34F59003A8B9DBB7B81 /* Pods-cLock_Timer.debug.xcconfig */ = {isa = PBXFileReference; includeInIndex = 1; lastKnownFileType = text.xcconfig; name = "Pods-cLock_Timer.debug.xcconfig"; path = "Target Support Files/Pods-cLock_Timer/Pods-cLock_Timer.debug.xcconfig"; sourceTree = "<group>"; };
		35262A8D29C1A922002DC75B /* cLock_Timer.app */ = {isa = PBXFileReference; explicitFileType = wrapper.application; includeInIndex = 0; path = cLock_Timer.app; sourceTree = BUILT_PRODUCTS_DIR; };
		35262A9029C1A922002DC75B /* cLock_TimerApp.swift */ = {isa = PBXFileReference; lastKnownFileType = sourcecode.swift; path = cLock_TimerApp.swift; sourceTree = "<group>"; };
		35262A9229C1A922002DC75B /* ContentView.swift */ = {isa = PBXFileReference; lastKnownFileType = sourcecode.swift; path = ContentView.swift; sourceTree = "<group>"; };
		35262A9429C1A927002DC75B /* Assets.xcassets */ = {isa = PBXFileReference; lastKnownFileType = folder.assetcatalog; path = Assets.xcassets; sourceTree = "<group>"; };
		35262A9729C1A927002DC75B /* Preview Assets.xcassets */ = {isa = PBXFileReference; lastKnownFileType = folder.assetcatalog; path = "Preview Assets.xcassets"; sourceTree = "<group>"; };
		35262A9E29C1AA7C002DC75B /* PickerView.swift */ = {isa = PBXFileReference; lastKnownFileType = sourcecode.swift; path = PickerView.swift; sourceTree = "<group>"; };
		35262AA029C1AA8C002DC75B /* TimeManager.swift */ = {isa = PBXFileReference; lastKnownFileType = sourcecode.swift; path = TimeManager.swift; sourceTree = "<group>"; };
		35262AA429C1AC1B002DC75B /* StartTimePickerView.swift */ = {isa = PBXFileReference; lastKnownFileType = sourcecode.swift; path = StartTimePickerView.swift; sourceTree = "<group>"; };
		35262AA629C1AF14002DC75B /* TimerSettingView.swift */ = {isa = PBXFileReference; lastKnownFileType = sourcecode.swift; path = TimerSettingView.swift; sourceTree = "<group>"; };
		35262AA829C1B0E8002DC75B /* UserDataView.swift */ = {isa = PBXFileReference; lastKnownFileType = sourcecode.swift; path = UserDataView.swift; sourceTree = "<group>"; };
		35262AAA29C1B248002DC75B /* TaskView.swift */ = {isa = PBXFileReference; lastKnownFileType = sourcecode.swift; path = TaskView.swift; sourceTree = "<group>"; };
		35262AAC29C1B409002DC75B /* Data.swift */ = {isa = PBXFileReference; lastKnownFileType = sourcecode.swift; path = Data.swift; sourceTree = "<group>"; };
		3526C1EE29F7D9ED00855D79 /* MiniPointView.swift */ = {isa = PBXFileReference; lastKnownFileType = sourcecode.swift; path = MiniPointView.swift; sourceTree = "<group>"; };
		35274AA529FA8C5F00D127A6 /* ShowMoreView.swift */ = {isa = PBXFileReference; lastKnownFileType = sourcecode.swift; path = ShowMoreView.swift; sourceTree = "<group>"; };
		354294ED29C1E0D000A1456D /* SettingView.swift */ = {isa = PBXFileReference; lastKnownFileType = sourcecode.swift; path = SettingView.swift; sourceTree = "<group>"; };
		355824E429FF918700C2103B /* RKViewController.swift */ = {isa = PBXFileReference; fileEncoding = 4; lastKnownFileType = sourcecode.swift; path = RKViewController.swift; sourceTree = "<group>"; };
		355824E529FF918700C2103B /* RKManager.swift */ = {isa = PBXFileReference; fileEncoding = 4; lastKnownFileType = sourcecode.swift; path = RKManager.swift; sourceTree = "<group>"; };
		355824E629FF918700C2103B /* RKWeekdayHeader.swift */ = {isa = PBXFileReference; fileEncoding = 4; lastKnownFileType = sourcecode.swift; path = RKWeekdayHeader.swift; sourceTree = "<group>"; };
		355824E729FF918700C2103B /* RKMonth.swift */ = {isa = PBXFileReference; fileEncoding = 4; lastKnownFileType = sourcecode.swift; path = RKMonth.swift; sourceTree = "<group>"; };
		355824E829FF918700C2103B /* RKCell.swift */ = {isa = PBXFileReference; fileEncoding = 4; lastKnownFileType = sourcecode.swift; path = RKCell.swift; sourceTree = "<group>"; };
		355824E929FF918700C2103B /* RKColorSettings.swift */ = {isa = PBXFileReference; fileEncoding = 4; lastKnownFileType = sourcecode.swift; path = RKColorSettings.swift; sourceTree = "<group>"; };
		355824EA29FF918700C2103B /* RKDate.swift */ = {isa = PBXFileReference; fileEncoding = 4; lastKnownFileType = sourcecode.swift; path = RKDate.swift; sourceTree = "<group>"; };
		3561432329D9A32D00DAB00A /* CharacterQuestionView.swift */ = {isa = PBXFileReference; lastKnownFileType = sourcecode.swift; path = CharacterQuestionView.swift; sourceTree = "<group>"; };
		3566526229ED41A80090F21A /* PointView.swift */ = {isa = PBXFileReference; lastKnownFileType = sourcecode.swift; path = PointView.swift; sourceTree = "<group>"; };
		35689F1829D689E100D2BA3F /* cLockTimerWidgetExtension.appex */ = {isa = PBXFileReference; explicitFileType = "wrapper.app-extension"; includeInIndex = 0; path = cLockTimerWidgetExtension.appex; sourceTree = BUILT_PRODUCTS_DIR; };
		35689F1929D689E100D2BA3F /* WidgetKit.framework */ = {isa = PBXFileReference; lastKnownFileType = wrapper.framework; name = WidgetKit.framework; path = System/Library/Frameworks/WidgetKit.framework; sourceTree = SDKROOT; };
		35689F1B29D689E100D2BA3F /* SwiftUI.framework */ = {isa = PBXFileReference; lastKnownFileType = wrapper.framework; name = SwiftUI.framework; path = System/Library/Frameworks/SwiftUI.framework; sourceTree = SDKROOT; };
		35689F1E29D689E100D2BA3F /* cLockTimerWidgetBundle.swift */ = {isa = PBXFileReference; lastKnownFileType = sourcecode.swift; path = cLockTimerWidgetBundle.swift; sourceTree = "<group>"; };
		35689F2029D689E100D2BA3F /* cLockTimerWidgetLiveActivity.swift */ = {isa = PBXFileReference; lastKnownFileType = sourcecode.swift; path = cLockTimerWidgetLiveActivity.swift; sourceTree = "<group>"; };
		35689F2229D689E100D2BA3F /* cLockTimerWidget.swift */ = {isa = PBXFileReference; lastKnownFileType = sourcecode.swift; path = cLockTimerWidget.swift; sourceTree = "<group>"; };
		35689F2429D689E400D2BA3F /* Assets.xcassets */ = {isa = PBXFileReference; lastKnownFileType = folder.assetcatalog; path = Assets.xcassets; sourceTree = "<group>"; };
		35689F2629D689E400D2BA3F /* Info.plist */ = {isa = PBXFileReference; lastKnownFileType = text.plist.xml; path = Info.plist; sourceTree = "<group>"; };
		35689F2E29D696B100D2BA3F /* cLock_Timer.entitlements */ = {isa = PBXFileReference; lastKnownFileType = text.plist.entitlements; path = cLock_Timer.entitlements; sourceTree = "<group>"; };
		35689F2F29D6981C00D2BA3F /* cLockTimerWidgetExtension.entitlements */ = {isa = PBXFileReference; lastKnownFileType = text.plist.entitlements; path = cLockTimerWidgetExtension.entitlements; sourceTree = "<group>"; };
		357E7AE029D836260082F219 /* ImageSaver.swift */ = {isa = PBXFileReference; lastKnownFileType = sourcecode.swift; path = ImageSaver.swift; sourceTree = "<group>"; };
		357EE1CF29EE614B00A42E77 /* GachaView.swift */ = {isa = PBXFileReference; lastKnownFileType = sourcecode.swift; path = GachaView.swift; sourceTree = "<group>"; };
		357EE1D329F008B400A42E77 /* Animation.swift */ = {isa = PBXFileReference; lastKnownFileType = sourcecode.swift; path = Animation.swift; sourceTree = "<group>"; };
		357EE1D529F01CD600A42E77 /* HowToUseView.swift */ = {isa = PBXFileReference; lastKnownFileType = sourcecode.swift; path = HowToUseView.swift; sourceTree = "<group>"; };
		357EE1D729F249A100A42E77 /* MainContentView.swift */ = {isa = PBXFileReference; lastKnownFileType = sourcecode.swift; path = MainContentView.swift; sourceTree = "<group>"; };
		357EE1D929F2AA4600A42E77 /* TimerView.swift */ = {isa = PBXFileReference; lastKnownFileType = sourcecode.swift; path = TimerView.swift; sourceTree = "<group>"; };
		357EE1DB29F2CAED00A42E77 /* DemoView.swift */ = {isa = PBXFileReference; lastKnownFileType = sourcecode.swift; path = DemoView.swift; sourceTree = "<group>"; };
		35AB068529D296F300338873 /* CharacterData.swift */ = {isa = PBXFileReference; lastKnownFileType = sourcecode.swift; path = CharacterData.swift; sourceTree = "<group>"; };
		35AB068729D2CCBE00338873 /* CharacterDetailView.swift */ = {isa = PBXFileReference; lastKnownFileType = sourcecode.swift; path = CharacterDetailView.swift; sourceTree = "<group>"; };
		35EAD27329C462C1002A15A6 /* Task.swift */ = {isa = PBXFileReference; lastKnownFileType = sourcecode.swift; path = Task.swift; sourceTree = "<group>"; };
		35EAD27529C46323002A15A6 /* DateValue.swift */ = {isa = PBXFileReference; lastKnownFileType = sourcecode.swift; path = DateValue.swift; sourceTree = "<group>"; };
		35EAD27729C5DC46002A15A6 /* TestContentView.swift */ = {isa = PBXFileReference; lastKnownFileType = sourcecode.swift; path = TestContentView.swift; sourceTree = "<group>"; };
		35EAD27A29C6D512002A15A6 /* SquareProgressView.swift */ = {isa = PBXFileReference; lastKnownFileType = sourcecode.swift; path = SquareProgressView.swift; sourceTree = "<group>"; };
		35EAD27D29C6F7EF002A15A6 /* cLock-Timer-Info.plist */ = {isa = PBXFileReference; lastKnownFileType = text.plist; path = "cLock-Timer-Info.plist"; sourceTree = SOURCE_ROOT; };
		35EF6A8B29F6572F00DB5B46 /* FontListView.swift */ = {isa = PBXFileReference; lastKnownFileType = sourcecode.swift; path = FontListView.swift; sourceTree = "<group>"; };
		35EF6A8D29F6613300DB5B46 /* TimerTextView.swift */ = {isa = PBXFileReference; lastKnownFileType = sourcecode.swift; path = TimerTextView.swift; sourceTree = "<group>"; };
		35EF6A9229F66BD600DB5B46 /* VCR OSD Mono 400.ttf */ = {isa = PBXFileReference; lastKnownFileType = file; path = "VCR OSD Mono 400.ttf"; sourceTree = "<group>"; };
		35EF6ABE29F66EC900DB5B46 /* Iceberg 400.ttf */ = {isa = PBXFileReference; lastKnownFileType = file; path = "Iceberg 400.ttf"; sourceTree = "<group>"; };
		35EF6AC129F66ECA00DB5B46 /* 3270 Semi-Narrow 500.ttf */ = {isa = PBXFileReference; lastKnownFileType = file; path = "3270 Semi-Narrow 500.ttf"; sourceTree = "<group>"; };
		35EF6AC229F66ECA00DB5B46 /* 3270-Medium 500.ttf */ = {isa = PBXFileReference; lastKnownFileType = file; path = "3270-Medium 500.ttf"; sourceTree = "<group>"; };
		35EF6AC429F66ECA00DB5B46 /* 3270 Narrow 500.ttf */ = {isa = PBXFileReference; lastKnownFileType = file; path = "3270 Narrow 500.ttf"; sourceTree = "<group>"; };
		35EF6AC629F66ECA00DB5B46 /* Major Mono Display Regular 400.ttf */ = {isa = PBXFileReference; lastKnownFileType = file; path = "Major Mono Display Regular 400.ttf"; sourceTree = "<group>"; };
		35EF6AC929F66ECA00DB5B46 /* Digital-7 Mono 400.ttf */ = {isa = PBXFileReference; lastKnownFileType = file; path = "Digital-7 Mono 400.ttf"; sourceTree = "<group>"; };
		35EF6ACA29F66ECA00DB5B46 /* Digital-7 Italic 400.ttf */ = {isa = PBXFileReference; lastKnownFileType = file; path = "Digital-7 Italic 400.ttf"; sourceTree = "<group>"; };
		35EF6ACB29F66ECA00DB5B46 /* Digital-7 400.ttf */ = {isa = PBXFileReference; lastKnownFileType = file; path = "Digital-7 400.ttf"; sourceTree = "<group>"; };
		35EF6ACD29F66ECA00DB5B46 /* Digital-7 MonoItalic 400.ttf */ = {isa = PBXFileReference; lastKnownFileType = file; path = "Digital-7 MonoItalic 400.ttf"; sourceTree = "<group>"; };
		35EF6ACF29F66ECA00DB5B46 /* Computo Monospace 400.otf */ = {isa = PBXFileReference; lastKnownFileType = file; path = "Computo Monospace 400.otf"; sourceTree = "<group>"; };
		35EF6AD229F66ECB00DB5B46 /* Digital Numbers 400.ttf */ = {isa = PBXFileReference; lastKnownFileType = file; path = "Digital Numbers 400.ttf"; sourceTree = "<group>"; };
		35EF6AE629F674DA00DB5B46 /* Libertinus Mono Regular 400.otf */ = {isa = PBXFileReference; lastKnownFileType = file; path = "Libertinus Mono Regular 400.otf"; sourceTree = "<group>"; };
		35EF6AEB29F6756800DB5B46 /* Static Bold 700.otf */ = {isa = PBXFileReference; lastKnownFileType = file; path = "Static Bold 700.otf"; sourceTree = "<group>"; };
		35EF6AEC29F6756800DB5B46 /* Static Italic 400.otf */ = {isa = PBXFileReference; lastKnownFileType = file; path = "Static Italic 400.otf"; sourceTree = "<group>"; };
		35EF6AED29F6756800DB5B46 /* Static Bold Italic 700.otf */ = {isa = PBXFileReference; lastKnownFileType = file; path = "Static Bold Italic 700.otf"; sourceTree = "<group>"; };
		35EF6AEF29F6756800DB5B46 /* Static Regular 400.otf */ = {isa = PBXFileReference; lastKnownFileType = file; path = "Static Regular 400.otf"; sourceTree = "<group>"; };
		35EF6AF629F6782000DB5B46 /* TaurusMonoDistress-Bold 700.otf */ = {isa = PBXFileReference; lastKnownFileType = file; path = "TaurusMonoDistress-Bold 700.otf"; sourceTree = "<group>"; };
		35EF6AF729F6782000DB5B46 /* TaurusMonoStencilDistress-Bold 700.otf */ = {isa = PBXFileReference; lastKnownFileType = file; path = "TaurusMonoStencilDistress-Bold 700.otf"; sourceTree = "<group>"; };
		35EF6AF829F6782000DB5B46 /* TaurusMonoStencilDistress 400.otf */ = {isa = PBXFileReference; lastKnownFileType = file; path = "TaurusMonoStencilDistress 400.otf"; sourceTree = "<group>"; };
		35EF6AF929F6782000DB5B46 /* TaurusMonoOutline 400.otf */ = {isa = PBXFileReference; lastKnownFileType = file; path = "TaurusMonoOutline 400.otf"; sourceTree = "<group>"; };
		35EF6AFA29F6782000DB5B46 /* TaurusMono-Bold 700.otf */ = {isa = PBXFileReference; lastKnownFileType = file; path = "TaurusMono-Bold 700.otf"; sourceTree = "<group>"; };
		35EF6AFB29F6782000DB5B46 /* TaurusMonoDistress 400.otf */ = {isa = PBXFileReference; lastKnownFileType = file; path = "TaurusMonoDistress 400.otf"; sourceTree = "<group>"; };
		35EF6AFC29F6782000DB5B46 /* TaurusMonoStencil 400.otf */ = {isa = PBXFileReference; lastKnownFileType = file; path = "TaurusMonoStencil 400.otf"; sourceTree = "<group>"; };
		35EF6AFE29F6782000DB5B46 /* TaurusMonoStencil-Bold 700.otf */ = {isa = PBXFileReference; lastKnownFileType = file; path = "TaurusMonoStencil-Bold 700.otf"; sourceTree = "<group>"; };
		35EF6AFF29F6782000DB5B46 /* TaurusMonoOutline-Bold 700.otf */ = {isa = PBXFileReference; lastKnownFileType = file; path = "TaurusMonoOutline-Bold 700.otf"; sourceTree = "<group>"; };
		35EF6B0029F6782000DB5B46 /* TaurusMono 400.otf */ = {isa = PBXFileReference; lastKnownFileType = file; path = "TaurusMono 400.otf"; sourceTree = "<group>"; };
		35F60DB529CEF6ED00AEF890 /* TimeLineView.swift */ = {isa = PBXFileReference; lastKnownFileType = sourcecode.swift; path = TimeLineView.swift; sourceTree = "<group>"; };
		35FC6A8329C9D7A600A0D380 /* TestUserDataView.swift */ = {isa = PBXFileReference; lastKnownFileType = sourcecode.swift; path = TestUserDataView.swift; sourceTree = "<group>"; };
		35FC6A8529CB3DDB00A0D380 /* TimelineList.swift */ = {isa = PBXFileReference; lastKnownFileType = sourcecode.swift; path = TimelineList.swift; sourceTree = "<group>"; };
		C09B884FC6F9446252D8B865 /* Pods-cLock_Timer.release.xcconfig */ = {isa = PBXFileReference; includeInIndex = 1; lastKnownFileType = text.xcconfig; name = "Pods-cLock_Timer.release.xcconfig"; path = "Target Support Files/Pods-cLock_Timer/Pods-cLock_Timer.release.xcconfig"; sourceTree = "<group>"; };
		F82DA3020A35D44AF129389D /* Pods_cLock_Timer.framework */ = {isa = PBXFileReference; explicitFileType = wrapper.framework; includeInIndex = 0; path = Pods_cLock_Timer.framework; sourceTree = BUILT_PRODUCTS_DIR; };
/* End PBXFileReference section */

/* Begin PBXFrameworksBuildPhase section */
		35262A8A29C1A922002DC75B /* Frameworks */ = {
			isa = PBXFrameworksBuildPhase;
			buildActionMask = 2147483647;
			files = (
				F2386459B8CD59025AE83951 /* Pods_cLock_Timer.framework in Frameworks */,
			);
			runOnlyForDeploymentPostprocessing = 0;
		};
		35689F1529D689E100D2BA3F /* Frameworks */ = {
			isa = PBXFrameworksBuildPhase;
			buildActionMask = 2147483647;
			files = (
				35689F1C29D689E100D2BA3F /* SwiftUI.framework in Frameworks */,
				35689F1A29D689E100D2BA3F /* WidgetKit.framework in Frameworks */,
			);
			runOnlyForDeploymentPostprocessing = 0;
		};
/* End PBXFrameworksBuildPhase section */

/* Begin PBXGroup section */
		350B4C7429C81C8E0037CBAC /* MainView */ = {
			isa = PBXGroup;
			children = (
				357EE1D729F249A100A42E77 /* MainContentView.swift */,
				35262AA829C1B0E8002DC75B /* UserDataView.swift */,
				35AB068729D2CCBE00338873 /* CharacterDetailView.swift */,
				35262AAA29C1B248002DC75B /* TaskView.swift */,
				3566526229ED41A80090F21A /* PointView.swift */,
			);
			path = MainView;
			sourceTree = "<group>";
		};
		35262A8429C1A922002DC75B = {
			isa = PBXGroup;
			children = (
				35689F2F29D6981C00D2BA3F /* cLockTimerWidgetExtension.entitlements */,
				35262A8F29C1A922002DC75B /* cLock_Timer */,
				35689F1D29D689E100D2BA3F /* cLockTimerWidget */,
				35262A8E29C1A922002DC75B /* Products */,
				CD78C8736976DDE1084542DA /* Pods */,
				F4569A22C26054DC178311DA /* Frameworks */,
			);
			sourceTree = "<group>";
		};
		35262A8E29C1A922002DC75B /* Products */ = {
			isa = PBXGroup;
			children = (
				35262A8D29C1A922002DC75B /* cLock_Timer.app */,
				35689F1829D689E100D2BA3F /* cLockTimerWidgetExtension.appex */,
			);
			name = Products;
			sourceTree = "<group>";
		};
		35262A8F29C1A922002DC75B /* cLock_Timer */ = {
			isa = PBXGroup;
			children = (
				35EF6A8F29F66BC500DB5B46 /* Fonts */,
				35689F2E29D696B100D2BA3F /* cLock_Timer.entitlements */,
				35EAD27D29C6F7EF002A15A6 /* cLock-Timer-Info.plist */,
				35262A9029C1A922002DC75B /* cLock_TimerApp.swift */,
				35262AA329C1AA9C002DC75B /* Model */,
				35262AA229C1AA95002DC75B /* View */,
				35262A9429C1A927002DC75B /* Assets.xcassets */,
				35262A9629C1A927002DC75B /* Preview Content */,
			);
			path = cLock_Timer;
			sourceTree = "<group>";
		};
		35262A9629C1A927002DC75B /* Preview Content */ = {
			isa = PBXGroup;
			children = (
				35262A9729C1A927002DC75B /* Preview Assets.xcassets */,
			);
			path = "Preview Content";
			sourceTree = "<group>";
		};
		35262AA229C1AA95002DC75B /* View */ = {
			isa = PBXGroup;
			children = (
				35262A9229C1A922002DC75B /* ContentView.swift */,
				350B4C7429C81C8E0037CBAC /* MainView */,
				3526C1ED29F7906D00855D79 /* SubView */,
				35EAD24E29C42697002A15A6 /* SettingView */,
				355824E329FF918700C2103B /* CalendarView */,
				35EAD24D29C42691002A15A6 /* Picker */,
				35EAD27929C6D4F0002A15A6 /* Parts */,
				35EAD27C29C6D572002A15A6 /* TestView */,
			);
			path = View;
			sourceTree = "<group>";
		};
		35262AA329C1AA9C002DC75B /* Model */ = {
			isa = PBXGroup;
			children = (
				35262AA029C1AA8C002DC75B /* TimeManager.swift */,
				35262AAC29C1B409002DC75B /* Data.swift */,
				35EAD27329C462C1002A15A6 /* Task.swift */,
				35EAD27529C46323002A15A6 /* DateValue.swift */,
				35AB068529D296F300338873 /* CharacterData.swift */,
			);
			path = Model;
			sourceTree = "<group>";
		};
		3526C1ED29F7906D00855D79 /* SubView */ = {
			isa = PBXGroup;
			children = (
				3561432329D9A32D00DAB00A /* CharacterQuestionView.swift */,
				357EE1CF29EE614B00A42E77 /* GachaView.swift */,
				357EE1D529F01CD600A42E77 /* HowToUseView.swift */,
				357EE1D929F2AA4600A42E77 /* TimerView.swift */,
				35EF6A8B29F6572F00DB5B46 /* FontListView.swift */,
				3526C1EE29F7D9ED00855D79 /* MiniPointView.swift */,
			);
			path = SubView;
			sourceTree = "<group>";
		};
		355824E329FF918700C2103B /* CalendarView */ = {
			isa = PBXGroup;
			children = (
				355824E429FF918700C2103B /* RKViewController.swift */,
				355824E529FF918700C2103B /* RKManager.swift */,
				355824E629FF918700C2103B /* RKWeekdayHeader.swift */,
				355824E729FF918700C2103B /* RKMonth.swift */,
				355824E829FF918700C2103B /* RKCell.swift */,
				355824E929FF918700C2103B /* RKColorSettings.swift */,
				355824EA29FF918700C2103B /* RKDate.swift */,
			);
			path = CalendarView;
			sourceTree = "<group>";
		};
		35689F1D29D689E100D2BA3F /* cLockTimerWidget */ = {
			isa = PBXGroup;
			children = (
				35689F1E29D689E100D2BA3F /* cLockTimerWidgetBundle.swift */,
				35689F2029D689E100D2BA3F /* cLockTimerWidgetLiveActivity.swift */,
				35689F2229D689E100D2BA3F /* cLockTimerWidget.swift */,
				35689F2429D689E400D2BA3F /* Assets.xcassets */,
				35689F2629D689E400D2BA3F /* Info.plist */,
			);
			path = cLockTimerWidget;
			sourceTree = "<group>";
		};
		35EAD24D29C42691002A15A6 /* Picker */ = {
			isa = PBXGroup;
			children = (
				35262A9E29C1AA7C002DC75B /* PickerView.swift */,
				35262AA429C1AC1B002DC75B /* StartTimePickerView.swift */,
			);
			path = Picker;
			sourceTree = "<group>";
		};
		35EAD24E29C42697002A15A6 /* SettingView */ = {
			isa = PBXGroup;
			children = (
				354294ED29C1E0D000A1456D /* SettingView.swift */,
				35262AA629C1AF14002DC75B /* TimerSettingView.swift */,
			);
			path = SettingView;
			sourceTree = "<group>";
		};
		35EAD27929C6D4F0002A15A6 /* Parts */ = {
			isa = PBXGroup;
			children = (
				35EAD27A29C6D512002A15A6 /* SquareProgressView.swift */,
				35274AA529FA8C5F00D127A6 /* ShowMoreView.swift */,
			);
			path = Parts;
			sourceTree = "<group>";
		};
		35EAD27C29C6D572002A15A6 /* TestView */ = {
			isa = PBXGroup;
			children = (
				357E7AE029D836260082F219 /* ImageSaver.swift */,
				357EE1D329F008B400A42E77 /* Animation.swift */,
				35EF6A8D29F6613300DB5B46 /* TimerTextView.swift */,
				357EE1DB29F2CAED00A42E77 /* DemoView.swift */,
				35F60DB529CEF6ED00AEF890 /* TimeLineView.swift */,
				35FC6A8529CB3DDB00A0D380 /* TimelineList.swift */,
				35EAD27729C5DC46002A15A6 /* TestContentView.swift */,
				35FC6A8329C9D7A600A0D380 /* TestUserDataView.swift */,
			);
			path = TestView;
			sourceTree = "<group>";
		};
		35EF6A8F29F66BC500DB5B46 /* Fonts */ = {
			isa = PBXGroup;
			children = (
				35EF6AF529F6782000DB5B46 /* Taurus_Mono_Font_Family_(Fontmirror) */,
				35EF6AEA29F6756800DB5B46 /* Static_Font_Family_(Fontmirror) */,
				35EF6AE529F674DA00DB5B46 /* Libertinus_Mono_Font_Family_(Fontmirror) */,
				35EF6ACE29F66ECA00DB5B46 /* Computo_Monospace_Font_Family_(Fontmirror) */,
				35EF6AC829F66ECA00DB5B46 /* Digital_7_Font_Family_(Fontmirror) */,
				35EF6AD129F66ECB00DB5B46 /* Digital_Numbers_Font_Family_(Fontmirror) */,
				35EF6AC029F66ECA00DB5B46 /* IBM_3270_Font_Family_(Fontmirror) */,
				35EF6ABD29F66EC900DB5B46 /* Iceberg_Font_Family_(Fontmirror) */,
				35EF6AC529F66ECA00DB5B46 /* Major_Mono_Display_Font_Family_(Fontmirror) */,
				35EF6A9029F66BD600DB5B46 /* Among_Us_Font_Font_Family_(Fontmirror) */,
			);
			path = Fonts;
			sourceTree = "<group>";
		};
		35EF6A9029F66BD600DB5B46 /* Among_Us_Font_Font_Family_(Fontmirror) */ = {
			isa = PBXGroup;
			children = (
				35EF6A9229F66BD600DB5B46 /* VCR OSD Mono 400.ttf */,
			);
			path = "Among_Us_Font_Font_Family_(Fontmirror)";
			sourceTree = "<group>";
		};
		35EF6ABD29F66EC900DB5B46 /* Iceberg_Font_Family_(Fontmirror) */ = {
			isa = PBXGroup;
			children = (
				35EF6ABE29F66EC900DB5B46 /* Iceberg 400.ttf */,
			);
			path = "Iceberg_Font_Family_(Fontmirror)";
			sourceTree = "<group>";
		};
		35EF6AC029F66ECA00DB5B46 /* IBM_3270_Font_Family_(Fontmirror) */ = {
			isa = PBXGroup;
			children = (
				35EF6AC129F66ECA00DB5B46 /* 3270 Semi-Narrow 500.ttf */,
				35EF6AC229F66ECA00DB5B46 /* 3270-Medium 500.ttf */,
				35EF6AC429F66ECA00DB5B46 /* 3270 Narrow 500.ttf */,
			);
			path = "IBM_3270_Font_Family_(Fontmirror)";
			sourceTree = "<group>";
		};
		35EF6AC529F66ECA00DB5B46 /* Major_Mono_Display_Font_Family_(Fontmirror) */ = {
			isa = PBXGroup;
			children = (
				35EF6AC629F66ECA00DB5B46 /* Major Mono Display Regular 400.ttf */,
			);
			path = "Major_Mono_Display_Font_Family_(Fontmirror)";
			sourceTree = "<group>";
		};
		35EF6AC829F66ECA00DB5B46 /* Digital_7_Font_Family_(Fontmirror) */ = {
			isa = PBXGroup;
			children = (
				35EF6AC929F66ECA00DB5B46 /* Digital-7 Mono 400.ttf */,
				35EF6ACA29F66ECA00DB5B46 /* Digital-7 Italic 400.ttf */,
				35EF6ACB29F66ECA00DB5B46 /* Digital-7 400.ttf */,
				35EF6ACD29F66ECA00DB5B46 /* Digital-7 MonoItalic 400.ttf */,
			);
			path = "Digital_7_Font_Family_(Fontmirror)";
			sourceTree = "<group>";
		};
		35EF6ACE29F66ECA00DB5B46 /* Computo_Monospace_Font_Family_(Fontmirror) */ = {
			isa = PBXGroup;
			children = (
				35EF6ACF29F66ECA00DB5B46 /* Computo Monospace 400.otf */,
			);
			path = "Computo_Monospace_Font_Family_(Fontmirror)";
			sourceTree = "<group>";
		};
		35EF6AD129F66ECB00DB5B46 /* Digital_Numbers_Font_Family_(Fontmirror) */ = {
			isa = PBXGroup;
			children = (
				35EF6AD229F66ECB00DB5B46 /* Digital Numbers 400.ttf */,
			);
			path = "Digital_Numbers_Font_Family_(Fontmirror)";
			sourceTree = "<group>";
		};
		35EF6AE529F674DA00DB5B46 /* Libertinus_Mono_Font_Family_(Fontmirror) */ = {
			isa = PBXGroup;
			children = (
				35EF6AE629F674DA00DB5B46 /* Libertinus Mono Regular 400.otf */,
			);
			path = "Libertinus_Mono_Font_Family_(Fontmirror)";
			sourceTree = "<group>";
		};
		35EF6AEA29F6756800DB5B46 /* Static_Font_Family_(Fontmirror) */ = {
			isa = PBXGroup;
			children = (
				35EF6AEB29F6756800DB5B46 /* Static Bold 700.otf */,
				35EF6AEC29F6756800DB5B46 /* Static Italic 400.otf */,
				35EF6AED29F6756800DB5B46 /* Static Bold Italic 700.otf */,
				35EF6AEF29F6756800DB5B46 /* Static Regular 400.otf */,
			);
			path = "Static_Font_Family_(Fontmirror)";
			sourceTree = "<group>";
		};
		35EF6AF529F6782000DB5B46 /* Taurus_Mono_Font_Family_(Fontmirror) */ = {
			isa = PBXGroup;
			children = (
				35EF6AF629F6782000DB5B46 /* TaurusMonoDistress-Bold 700.otf */,
				35EF6AF729F6782000DB5B46 /* TaurusMonoStencilDistress-Bold 700.otf */,
				35EF6AF829F6782000DB5B46 /* TaurusMonoStencilDistress 400.otf */,
				35EF6AF929F6782000DB5B46 /* TaurusMonoOutline 400.otf */,
				35EF6AFA29F6782000DB5B46 /* TaurusMono-Bold 700.otf */,
				35EF6AFB29F6782000DB5B46 /* TaurusMonoDistress 400.otf */,
				35EF6AFC29F6782000DB5B46 /* TaurusMonoStencil 400.otf */,
				35EF6AFE29F6782000DB5B46 /* TaurusMonoStencil-Bold 700.otf */,
				35EF6AFF29F6782000DB5B46 /* TaurusMonoOutline-Bold 700.otf */,
				35EF6B0029F6782000DB5B46 /* TaurusMono 400.otf */,
			);
			path = "Taurus_Mono_Font_Family_(Fontmirror)";
			sourceTree = "<group>";
		};
		CD78C8736976DDE1084542DA /* Pods */ = {
			isa = PBXGroup;
			children = (
				3411F34F59003A8B9DBB7B81 /* Pods-cLock_Timer.debug.xcconfig */,
				C09B884FC6F9446252D8B865 /* Pods-cLock_Timer.release.xcconfig */,
			);
			path = Pods;
			sourceTree = "<group>";
		};
		F4569A22C26054DC178311DA /* Frameworks */ = {
			isa = PBXGroup;
			children = (
				F82DA3020A35D44AF129389D /* Pods_cLock_Timer.framework */,
				35689F1929D689E100D2BA3F /* WidgetKit.framework */,
				35689F1B29D689E100D2BA3F /* SwiftUI.framework */,
			);
			name = Frameworks;
			sourceTree = "<group>";
		};
/* End PBXGroup section */

/* Begin PBXNativeTarget section */
		35262A8C29C1A922002DC75B /* cLock_Timer */ = {
			isa = PBXNativeTarget;
			buildConfigurationList = 35262A9B29C1A927002DC75B /* Build configuration list for PBXNativeTarget "cLock_Timer" */;
			buildPhases = (
				8E46A2850E34372236EB9AFE /* [CP] Check Pods Manifest.lock */,
				35262A8929C1A922002DC75B /* Sources */,
				35262A8A29C1A922002DC75B /* Frameworks */,
				35262A8B29C1A922002DC75B /* Resources */,
				35689F2D29D689E400D2BA3F /* Embed Foundation Extensions */,
			);
			buildRules = (
			);
			dependencies = (
				35689F2829D689E400D2BA3F /* PBXTargetDependency */,
			);
			name = cLock_Timer;
			productName = cLock_Timer;
			productReference = 35262A8D29C1A922002DC75B /* cLock_Timer.app */;
			productType = "com.apple.product-type.application";
		};
		35689F1729D689E100D2BA3F /* cLockTimerWidgetExtension */ = {
			isa = PBXNativeTarget;
			buildConfigurationList = 35689F2A29D689E400D2BA3F /* Build configuration list for PBXNativeTarget "cLockTimerWidgetExtension" */;
			buildPhases = (
				35689F1429D689E100D2BA3F /* Sources */,
				35689F1529D689E100D2BA3F /* Frameworks */,
				35689F1629D689E100D2BA3F /* Resources */,
			);
			buildRules = (
			);
			dependencies = (
			);
			name = cLockTimerWidgetExtension;
			productName = cLockTimerWidgetExtension;
			productReference = 35689F1829D689E100D2BA3F /* cLockTimerWidgetExtension.appex */;
			productType = "com.apple.product-type.app-extension";
		};
/* End PBXNativeTarget section */

/* Begin PBXProject section */
		35262A8529C1A922002DC75B /* Project object */ = {
			isa = PBXProject;
			attributes = {
				BuildIndependentTargetsInParallel = 1;
				LastSwiftUpdateCheck = 1420;
				LastUpgradeCheck = 1420;
				TargetAttributes = {
					35262A8C29C1A922002DC75B = {
						CreatedOnToolsVersion = 14.2;
					};
					35689F1729D689E100D2BA3F = {
						CreatedOnToolsVersion = 14.2;
					};
				};
			};
			buildConfigurationList = 35262A8829C1A922002DC75B /* Build configuration list for PBXProject "cLock_Timer" */;
			compatibilityVersion = "Xcode 14.0";
			developmentRegion = en;
			hasScannedForEncodings = 0;
			knownRegions = (
				en,
				Base,
			);
			mainGroup = 35262A8429C1A922002DC75B;
			productRefGroup = 35262A8E29C1A922002DC75B /* Products */;
			projectDirPath = "";
			projectRoot = "";
			targets = (
				35262A8C29C1A922002DC75B /* cLock_Timer */,
				35689F1729D689E100D2BA3F /* cLockTimerWidgetExtension */,
			);
		};
/* End PBXProject section */

/* Begin PBXResourcesBuildPhase section */
		35262A8B29C1A922002DC75B /* Resources */ = {
			isa = PBXResourcesBuildPhase;
			buildActionMask = 2147483647;
			files = (
				35EF6B0529F6782100DB5B46 /* TaurusMono-Bold 700.otf in Resources */,
				35EF6B0629F6782100DB5B46 /* TaurusMonoDistress 400.otf in Resources */,
				35EF6ADD29F66ECB00DB5B46 /* Digital-7 Italic 400.ttf in Resources */,
				35EF6AD729F66ECB00DB5B46 /* 3270-Medium 500.ttf in Resources */,
				35EF6B0B29F6782100DB5B46 /* TaurusMono 400.otf in Resources */,
				35EF6AD429F66ECB00DB5B46 /* Iceberg 400.ttf in Resources */,
				35EF6AF429F6756800DB5B46 /* Static Regular 400.otf in Resources */,
				35EF6ADC29F66ECB00DB5B46 /* Digital-7 Mono 400.ttf in Resources */,
				35262A9829C1A927002DC75B /* Preview Assets.xcassets in Resources */,
				35EF6B0A29F6782100DB5B46 /* TaurusMonoOutline-Bold 700.otf in Resources */,
				35EF6B0329F6782100DB5B46 /* TaurusMonoStencilDistress 400.otf in Resources */,
				35EF6AE029F66ECB00DB5B46 /* Digital-7 MonoItalic 400.ttf in Resources */,
				35EF6AD929F66ECB00DB5B46 /* 3270 Narrow 500.ttf in Resources */,
				35EF6A9429F66BD600DB5B46 /* VCR OSD Mono 400.ttf in Resources */,
				35EF6AD629F66ECB00DB5B46 /* 3270 Semi-Narrow 500.ttf in Resources */,
				35EF6AE329F66ECB00DB5B46 /* Digital Numbers 400.ttf in Resources */,
				35EF6AF029F6756800DB5B46 /* Static Bold 700.otf in Resources */,
				35EF6AE129F66ECB00DB5B46 /* Computo Monospace 400.otf in Resources */,
				35EF6B0929F6782100DB5B46 /* TaurusMonoStencil-Bold 700.otf in Resources */,
				35EF6B0129F6782100DB5B46 /* TaurusMonoDistress-Bold 700.otf in Resources */,
				35EF6ADA29F66ECB00DB5B46 /* Major Mono Display Regular 400.ttf in Resources */,
				35EF6AF229F6756800DB5B46 /* Static Bold Italic 700.otf in Resources */,
				35262A9529C1A927002DC75B /* Assets.xcassets in Resources */,
				35EF6AF129F6756800DB5B46 /* Static Italic 400.otf in Resources */,
				35EF6B0729F6782100DB5B46 /* TaurusMonoStencil 400.otf in Resources */,
				35EF6B0229F6782100DB5B46 /* TaurusMonoStencilDistress-Bold 700.otf in Resources */,
				35EF6ADE29F66ECB00DB5B46 /* Digital-7 400.ttf in Resources */,
				35EF6AE829F674DA00DB5B46 /* Libertinus Mono Regular 400.otf in Resources */,
				35EF6B0429F6782100DB5B46 /* TaurusMonoOutline 400.otf in Resources */,
			);
			runOnlyForDeploymentPostprocessing = 0;
		};
		35689F1629D689E100D2BA3F /* Resources */ = {
			isa = PBXResourcesBuildPhase;
			buildActionMask = 2147483647;
			files = (
				35689F2529D689E400D2BA3F /* Assets.xcassets in Resources */,
			);
			runOnlyForDeploymentPostprocessing = 0;
		};
/* End PBXResourcesBuildPhase section */

/* Begin PBXShellScriptBuildPhase section */
		8E46A2850E34372236EB9AFE /* [CP] Check Pods Manifest.lock */ = {
			isa = PBXShellScriptBuildPhase;
			buildActionMask = 2147483647;
			files = (
			);
			inputFileListPaths = (
			);
			inputPaths = (
				"${PODS_PODFILE_DIR_PATH}/Podfile.lock",
				"${PODS_ROOT}/Manifest.lock",
			);
			name = "[CP] Check Pods Manifest.lock";
			outputFileListPaths = (
			);
			outputPaths = (
				"$(DERIVED_FILE_DIR)/Pods-cLock_Timer-checkManifestLockResult.txt",
			);
			runOnlyForDeploymentPostprocessing = 0;
			shellPath = /bin/sh;
			shellScript = "diff \"${PODS_PODFILE_DIR_PATH}/Podfile.lock\" \"${PODS_ROOT}/Manifest.lock\" > /dev/null\nif [ $? != 0 ] ; then\n    # print error to STDERR\n    echo \"error: The sandbox is not in sync with the Podfile.lock. Run 'pod install' or update your CocoaPods installation.\" >&2\n    exit 1\nfi\n# This output is used by Xcode 'outputs' to avoid re-running this script phase.\necho \"SUCCESS\" > \"${SCRIPT_OUTPUT_FILE_0}\"\n";
			showEnvVarsInLog = 0;
		};
/* End PBXShellScriptBuildPhase section */

/* Begin PBXSourcesBuildPhase section */
		35262A8929C1A922002DC75B /* Sources */ = {
			isa = PBXSourcesBuildPhase;
			buildActionMask = 2147483647;
			files = (
				35FC6A8629CB3DDB00A0D380 /* TimelineList.swift in Sources */,
				357EE1D829F249A100A42E77 /* MainContentView.swift in Sources */,
				35262A9329C1A922002DC75B /* ContentView.swift in Sources */,
				354294EE29C1E0D000A1456D /* SettingView.swift in Sources */,
				355824EC29FF918700C2103B /* RKManager.swift in Sources */,
				355824EF29FF918700C2103B /* RKCell.swift in Sources */,
				35AB068829D2CCBE00338873 /* CharacterDetailView.swift in Sources */,
				357EE1D629F01CD600A42E77 /* HowToUseView.swift in Sources */,
				35EAD27B29C6D512002A15A6 /* SquareProgressView.swift in Sources */,
				355824F029FF918700C2103B /* RKColorSettings.swift in Sources */,
				35262AA529C1AC1B002DC75B /* StartTimePickerView.swift in Sources */,
				35EAD27829C5DC46002A15A6 /* TestContentView.swift in Sources */,
				355824ED29FF918700C2103B /* RKWeekdayHeader.swift in Sources */,
				357EE1DA29F2AA4600A42E77 /* TimerView.swift in Sources */,
				3566526329ED41A80090F21A /* PointView.swift in Sources */,
				357E7AE129D836260082F219 /* ImageSaver.swift in Sources */,
				355824F129FF918700C2103B /* RKDate.swift in Sources */,
				35262A9129C1A922002DC75B /* cLock_TimerApp.swift in Sources */,
				357EE1DC29F2CAED00A42E77 /* DemoView.swift in Sources */,
				3526C1EF29F7D9ED00855D79 /* MiniPointView.swift in Sources */,
				357EE1D429F008B400A42E77 /* Animation.swift in Sources */,
				35EAD27429C462C1002A15A6 /* Task.swift in Sources */,
				35F60DB629CEF6ED00AEF890 /* TimeLineView.swift in Sources */,
				35262AA729C1AF14002DC75B /* TimerSettingView.swift in Sources */,
				355824EB29FF918700C2103B /* RKViewController.swift in Sources */,
				35EF6A8C29F6572F00DB5B46 /* FontListView.swift in Sources */,
				355824EE29FF918700C2103B /* RKMonth.swift in Sources */,
				3561432429D9A32D00DAB00A /* CharacterQuestionView.swift in Sources */,
				35262AA129C1AA8C002DC75B /* TimeManager.swift in Sources */,
				357EE1D029EE614B00A42E77 /* GachaView.swift in Sources */,
				35262A9F29C1AA7C002DC75B /* PickerView.swift in Sources */,
				35FC6A8429C9D7A600A0D380 /* TestUserDataView.swift in Sources */,
				35262AA929C1B0E8002DC75B /* UserDataView.swift in Sources */,
				35EAD27629C46323002A15A6 /* DateValue.swift in Sources */,
				35262AAD29C1B409002DC75B /* Data.swift in Sources */,
				35274AA629FA8C5F00D127A6 /* ShowMoreView.swift in Sources */,
				35EF6A8E29F6613300DB5B46 /* TimerTextView.swift in Sources */,
				35262AAB29C1B248002DC75B /* TaskView.swift in Sources */,
				35AB068629D296F300338873 /* CharacterData.swift in Sources */,
			);
			runOnlyForDeploymentPostprocessing = 0;
		};
		35689F1429D689E100D2BA3F /* Sources */ = {
			isa = PBXSourcesBuildPhase;
			buildActionMask = 2147483647;
			files = (
				35689F2329D689E100D2BA3F /* cLockTimerWidget.swift in Sources */,
				35689F1F29D689E100D2BA3F /* cLockTimerWidgetBundle.swift in Sources */,
				35689F2129D689E100D2BA3F /* cLockTimerWidgetLiveActivity.swift in Sources */,
			);
			runOnlyForDeploymentPostprocessing = 0;
		};
/* End PBXSourcesBuildPhase section */

/* Begin PBXTargetDependency section */
		35689F2829D689E400D2BA3F /* PBXTargetDependency */ = {
			isa = PBXTargetDependency;
			target = 35689F1729D689E100D2BA3F /* cLockTimerWidgetExtension */;
			targetProxy = 35689F2729D689E400D2BA3F /* PBXContainerItemProxy */;
		};
/* End PBXTargetDependency section */

/* Begin XCBuildConfiguration section */
		35262A9929C1A927002DC75B /* Debug */ = {
			isa = XCBuildConfiguration;
			buildSettings = {
				ALWAYS_SEARCH_USER_PATHS = NO;
				CLANG_ANALYZER_NONNULL = YES;
				CLANG_ANALYZER_NUMBER_OBJECT_CONVERSION = YES_AGGRESSIVE;
				CLANG_CXX_LANGUAGE_STANDARD = "gnu++20";
				CLANG_ENABLE_MODULES = YES;
				CLANG_ENABLE_OBJC_ARC = YES;
				CLANG_ENABLE_OBJC_WEAK = YES;
				CLANG_WARN_BLOCK_CAPTURE_AUTORELEASING = YES;
				CLANG_WARN_BOOL_CONVERSION = YES;
				CLANG_WARN_COMMA = YES;
				CLANG_WARN_CONSTANT_CONVERSION = YES;
				CLANG_WARN_DEPRECATED_OBJC_IMPLEMENTATIONS = YES;
				CLANG_WARN_DIRECT_OBJC_ISA_USAGE = YES_ERROR;
				CLANG_WARN_DOCUMENTATION_COMMENTS = YES;
				CLANG_WARN_EMPTY_BODY = YES;
				CLANG_WARN_ENUM_CONVERSION = YES;
				CLANG_WARN_INFINITE_RECURSION = YES;
				CLANG_WARN_INT_CONVERSION = YES;
				CLANG_WARN_NON_LITERAL_NULL_CONVERSION = YES;
				CLANG_WARN_OBJC_IMPLICIT_RETAIN_SELF = YES;
				CLANG_WARN_OBJC_LITERAL_CONVERSION = YES;
				CLANG_WARN_OBJC_ROOT_CLASS = YES_ERROR;
				CLANG_WARN_QUOTED_INCLUDE_IN_FRAMEWORK_HEADER = YES;
				CLANG_WARN_RANGE_LOOP_ANALYSIS = YES;
				CLANG_WARN_STRICT_PROTOTYPES = YES;
				CLANG_WARN_SUSPICIOUS_MOVE = YES;
				CLANG_WARN_UNGUARDED_AVAILABILITY = YES_AGGRESSIVE;
				CLANG_WARN_UNREACHABLE_CODE = YES;
				CLANG_WARN__DUPLICATE_METHOD_MATCH = YES;
				COPY_PHASE_STRIP = NO;
				DEBUG_INFORMATION_FORMAT = dwarf;
				ENABLE_STRICT_OBJC_MSGSEND = YES;
				ENABLE_TESTABILITY = YES;
				GCC_C_LANGUAGE_STANDARD = gnu11;
				GCC_DYNAMIC_NO_PIC = NO;
				GCC_NO_COMMON_BLOCKS = YES;
				GCC_OPTIMIZATION_LEVEL = 0;
				GCC_PREPROCESSOR_DEFINITIONS = (
					"DEBUG=1",
					"$(inherited)",
				);
				GCC_WARN_64_TO_32_BIT_CONVERSION = YES;
				GCC_WARN_ABOUT_RETURN_TYPE = YES_ERROR;
				GCC_WARN_UNDECLARED_SELECTOR = YES;
				GCC_WARN_UNINITIALIZED_AUTOS = YES_AGGRESSIVE;
				GCC_WARN_UNUSED_FUNCTION = YES;
				GCC_WARN_UNUSED_VARIABLE = YES;
				IPHONEOS_DEPLOYMENT_TARGET = 16.0;
				MTL_ENABLE_DEBUG_INFO = INCLUDE_SOURCE;
				MTL_FAST_MATH = YES;
				ONLY_ACTIVE_ARCH = YES;
				SDKROOT = iphoneos;
				SWIFT_ACTIVE_COMPILATION_CONDITIONS = DEBUG;
				SWIFT_OPTIMIZATION_LEVEL = "-Onone";
			};
			name = Debug;
		};
		35262A9A29C1A927002DC75B /* Release */ = {
			isa = XCBuildConfiguration;
			buildSettings = {
				ALWAYS_SEARCH_USER_PATHS = NO;
				CLANG_ANALYZER_NONNULL = YES;
				CLANG_ANALYZER_NUMBER_OBJECT_CONVERSION = YES_AGGRESSIVE;
				CLANG_CXX_LANGUAGE_STANDARD = "gnu++20";
				CLANG_ENABLE_MODULES = YES;
				CLANG_ENABLE_OBJC_ARC = YES;
				CLANG_ENABLE_OBJC_WEAK = YES;
				CLANG_WARN_BLOCK_CAPTURE_AUTORELEASING = YES;
				CLANG_WARN_BOOL_CONVERSION = YES;
				CLANG_WARN_COMMA = YES;
				CLANG_WARN_CONSTANT_CONVERSION = YES;
				CLANG_WARN_DEPRECATED_OBJC_IMPLEMENTATIONS = YES;
				CLANG_WARN_DIRECT_OBJC_ISA_USAGE = YES_ERROR;
				CLANG_WARN_DOCUMENTATION_COMMENTS = YES;
				CLANG_WARN_EMPTY_BODY = YES;
				CLANG_WARN_ENUM_CONVERSION = YES;
				CLANG_WARN_INFINITE_RECURSION = YES;
				CLANG_WARN_INT_CONVERSION = YES;
				CLANG_WARN_NON_LITERAL_NULL_CONVERSION = YES;
				CLANG_WARN_OBJC_IMPLICIT_RETAIN_SELF = YES;
				CLANG_WARN_OBJC_LITERAL_CONVERSION = YES;
				CLANG_WARN_OBJC_ROOT_CLASS = YES_ERROR;
				CLANG_WARN_QUOTED_INCLUDE_IN_FRAMEWORK_HEADER = YES;
				CLANG_WARN_RANGE_LOOP_ANALYSIS = YES;
				CLANG_WARN_STRICT_PROTOTYPES = YES;
				CLANG_WARN_SUSPICIOUS_MOVE = YES;
				CLANG_WARN_UNGUARDED_AVAILABILITY = YES_AGGRESSIVE;
				CLANG_WARN_UNREACHABLE_CODE = YES;
				CLANG_WARN__DUPLICATE_METHOD_MATCH = YES;
				COPY_PHASE_STRIP = NO;
				DEBUG_INFORMATION_FORMAT = "dwarf-with-dsym";
				ENABLE_NS_ASSERTIONS = NO;
				ENABLE_STRICT_OBJC_MSGSEND = YES;
				GCC_C_LANGUAGE_STANDARD = gnu11;
				GCC_NO_COMMON_BLOCKS = YES;
				GCC_WARN_64_TO_32_BIT_CONVERSION = YES;
				GCC_WARN_ABOUT_RETURN_TYPE = YES_ERROR;
				GCC_WARN_UNDECLARED_SELECTOR = YES;
				GCC_WARN_UNINITIALIZED_AUTOS = YES_AGGRESSIVE;
				GCC_WARN_UNUSED_FUNCTION = YES;
				GCC_WARN_UNUSED_VARIABLE = YES;
				IPHONEOS_DEPLOYMENT_TARGET = 16.0;
				MTL_ENABLE_DEBUG_INFO = NO;
				MTL_FAST_MATH = YES;
				SDKROOT = iphoneos;
				SWIFT_COMPILATION_MODE = wholemodule;
				SWIFT_OPTIMIZATION_LEVEL = "-O";
				VALIDATE_PRODUCT = YES;
			};
			name = Release;
		};
		35262A9C29C1A927002DC75B /* Debug */ = {
			isa = XCBuildConfiguration;
			baseConfigurationReference = 3411F34F59003A8B9DBB7B81 /* Pods-cLock_Timer.debug.xcconfig */;
			buildSettings = {
				ALWAYS_EMBED_SWIFT_STANDARD_LIBRARIES = YES;
				ASSETCATALOG_COMPILER_APPICON_NAME = AppIcon;
				ASSETCATALOG_COMPILER_GLOBAL_ACCENT_COLOR_NAME = AccentColor;
				CODE_SIGN_ENTITLEMENTS = cLock_Timer/cLock_Timer.entitlements;
				CODE_SIGN_IDENTITY = "Apple Development";
				CODE_SIGN_STYLE = Automatic;
				CURRENT_PROJECT_VERSION = 3.7;
				DEVELOPMENT_ASSET_PATHS = "\"cLock_Timer/Preview Content\"";
				DEVELOPMENT_TEAM = NZ6NQZK56A;
				ENABLE_PREVIEWS = YES;
				GENERATE_INFOPLIST_FILE = YES;
				INFOPLIST_FILE = "cLock-Timer-Info.plist";
				INFOPLIST_KEY_CFBundleDisplayName = "Eggいタイマー";
				INFOPLIST_KEY_LSApplicationCategoryType = "public.app-category.utilities";
				INFOPLIST_KEY_UIApplicationSceneManifest_Generation = YES;
				INFOPLIST_KEY_UIApplicationSupportsIndirectInputEvents = YES;
				INFOPLIST_KEY_UILaunchScreen_Generation = YES;
				INFOPLIST_KEY_UISupportedInterfaceOrientations = "UIInterfaceOrientationLandscapeLeft UIInterfaceOrientationLandscapeRight UIInterfaceOrientationPortrait UIInterfaceOrientationPortraitUpsideDown";
				IPHONEOS_DEPLOYMENT_TARGET = 16.0;
				LD_RUNPATH_SEARCH_PATHS = (
					"$(inherited)",
					"@executable_path/Frameworks",
				);
				MARKETING_VERSION = 1.9;
				PRODUCT_BUNDLE_IDENTIFIER = myproject.cLockTimer;
				PRODUCT_NAME = "$(TARGET_NAME)";
				PROVISIONING_PROFILE_SPECIFIER = "";
				SWIFT_EMIT_LOC_STRINGS = YES;
				SWIFT_VERSION = 5.0;
				TARGETED_DEVICE_FAMILY = "1,2";
			};
			name = Debug;
		};
		35262A9D29C1A927002DC75B /* Release */ = {
			isa = XCBuildConfiguration;
			baseConfigurationReference = C09B884FC6F9446252D8B865 /* Pods-cLock_Timer.release.xcconfig */;
			buildSettings = {
				ALWAYS_EMBED_SWIFT_STANDARD_LIBRARIES = YES;
				ASSETCATALOG_COMPILER_APPICON_NAME = AppIcon;
				ASSETCATALOG_COMPILER_GLOBAL_ACCENT_COLOR_NAME = AccentColor;
				CODE_SIGN_ENTITLEMENTS = cLock_Timer/cLock_Timer.entitlements;
				CODE_SIGN_IDENTITY = "Apple Development";
				CODE_SIGN_STYLE = Automatic;
				CURRENT_PROJECT_VERSION = 3.7;
				DEVELOPMENT_ASSET_PATHS = "\"cLock_Timer/Preview Content\"";
				DEVELOPMENT_TEAM = NZ6NQZK56A;
				ENABLE_PREVIEWS = YES;
				GENERATE_INFOPLIST_FILE = YES;
				INFOPLIST_FILE = "cLock-Timer-Info.plist";
				INFOPLIST_KEY_CFBundleDisplayName = "Eggいタイマー";
				INFOPLIST_KEY_LSApplicationCategoryType = "public.app-category.utilities";
				INFOPLIST_KEY_UIApplicationSceneManifest_Generation = YES;
				INFOPLIST_KEY_UIApplicationSupportsIndirectInputEvents = YES;
				INFOPLIST_KEY_UILaunchScreen_Generation = YES;
				INFOPLIST_KEY_UISupportedInterfaceOrientations = "UIInterfaceOrientationLandscapeLeft UIInterfaceOrientationLandscapeRight UIInterfaceOrientationPortrait UIInterfaceOrientationPortraitUpsideDown";
				IPHONEOS_DEPLOYMENT_TARGET = 16.0;
				LD_RUNPATH_SEARCH_PATHS = (
					"$(inherited)",
					"@executable_path/Frameworks",
				);
				MARKETING_VERSION = 1.9;
				PRODUCT_BUNDLE_IDENTIFIER = myproject.cLockTimer;
				PRODUCT_NAME = "$(TARGET_NAME)";
				PROVISIONING_PROFILE_SPECIFIER = "";
				SWIFT_EMIT_LOC_STRINGS = YES;
				SWIFT_VERSION = 5.0;
				TARGETED_DEVICE_FAMILY = "1,2";
			};
			name = Release;
		};
		35689F2B29D689E400D2BA3F /* Debug */ = {
			isa = XCBuildConfiguration;
			buildSettings = {
				ASSETCATALOG_COMPILER_GLOBAL_ACCENT_COLOR_NAME = AccentColor;
				ASSETCATALOG_COMPILER_WIDGET_BACKGROUND_COLOR_NAME = WidgetBackground;
				CODE_SIGN_ENTITLEMENTS = cLockTimerWidgetExtension.entitlements;
				CODE_SIGN_IDENTITY = "Apple Development";
				CODE_SIGN_STYLE = Automatic;
				CURRENT_PROJECT_VERSION = 1;
				DEVELOPMENT_TEAM = NZ6NQZK56A;
				GENERATE_INFOPLIST_FILE = YES;
				INFOPLIST_FILE = cLockTimerWidget/Info.plist;
				INFOPLIST_KEY_CFBundleDisplayName = cLockTimerWidget;
				INFOPLIST_KEY_NSHumanReadableCopyright = "";
				IPHONEOS_DEPLOYMENT_TARGET = 16.2;
				LD_RUNPATH_SEARCH_PATHS = (
					"$(inherited)",
					"@executable_path/Frameworks",
					"@executable_path/../../Frameworks",
				);
				MARKETING_VERSION = 1.0;
				PRODUCT_BUNDLE_IDENTIFIER = myproject.cLockTimer.cLockTimerWidget;
				PRODUCT_NAME = "$(TARGET_NAME)";
				SKIP_INSTALL = YES;
				SWIFT_EMIT_LOC_STRINGS = YES;
				SWIFT_VERSION = 5.0;
				TARGETED_DEVICE_FAMILY = "1,2";
			};
			name = Debug;
		};
		35689F2C29D689E400D2BA3F /* Release */ = {
			isa = XCBuildConfiguration;
			buildSettings = {
				ASSETCATALOG_COMPILER_GLOBAL_ACCENT_COLOR_NAME = AccentColor;
				ASSETCATALOG_COMPILER_WIDGET_BACKGROUND_COLOR_NAME = WidgetBackground;
				CODE_SIGN_ENTITLEMENTS = cLockTimerWidgetExtension.entitlements;
				CODE_SIGN_IDENTITY = "Apple Development";
				CODE_SIGN_STYLE = Automatic;
				CURRENT_PROJECT_VERSION = 1;
				DEVELOPMENT_TEAM = NZ6NQZK56A;
				GENERATE_INFOPLIST_FILE = YES;
				INFOPLIST_FILE = cLockTimerWidget/Info.plist;
				INFOPLIST_KEY_CFBundleDisplayName = cLockTimerWidget;
				INFOPLIST_KEY_NSHumanReadableCopyright = "";
				IPHONEOS_DEPLOYMENT_TARGET = 16.2;
				LD_RUNPATH_SEARCH_PATHS = (
					"$(inherited)",
					"@executable_path/Frameworks",
					"@executable_path/../../Frameworks",
				);
				MARKETING_VERSION = 1.0;
				PRODUCT_BUNDLE_IDENTIFIER = myproject.cLockTimer.cLockTimerWidget;
				PRODUCT_NAME = "$(TARGET_NAME)";
				SKIP_INSTALL = YES;
				SWIFT_EMIT_LOC_STRINGS = YES;
				SWIFT_VERSION = 5.0;
				TARGETED_DEVICE_FAMILY = "1,2";
			};
			name = Release;
		};
/* End XCBuildConfiguration section */

/* Begin XCConfigurationList section */
		35262A8829C1A922002DC75B /* Build configuration list for PBXProject "cLock_Timer" */ = {
			isa = XCConfigurationList;
			buildConfigurations = (
				35262A9929C1A927002DC75B /* Debug */,
				35262A9A29C1A927002DC75B /* Release */,
			);
			defaultConfigurationIsVisible = 0;
			defaultConfigurationName = Release;
		};
		35262A9B29C1A927002DC75B /* Build configuration list for PBXNativeTarget "cLock_Timer" */ = {
			isa = XCConfigurationList;
			buildConfigurations = (
				35262A9C29C1A927002DC75B /* Debug */,
				35262A9D29C1A927002DC75B /* Release */,
			);
			defaultConfigurationIsVisible = 0;
			defaultConfigurationName = Release;
		};
		35689F2A29D689E400D2BA3F /* Build configuration list for PBXNativeTarget "cLockTimerWidgetExtension" */ = {
			isa = XCConfigurationList;
			buildConfigurations = (
				35689F2B29D689E400D2BA3F /* Debug */,
				35689F2C29D689E400D2BA3F /* Release */,
			);
			defaultConfigurationIsVisible = 0;
			defaultConfigurationName = Release;
		};
/* End XCConfigurationList section */
	};
	rootObject = 35262A8529C1A922002DC75B /* Project object */;
}
