// !$*UTF8*$!
{
	archiveVersion = 1;
	classes = {
	};
	objectVersion = 56;
	objects = {

/* Begin PBXBuildFile section */
		35262A9129C1A922002DC75B /* cLock_TimerApp.swift in Sources */ = {isa = PBXBuildFile; fileRef = 35262A9029C1A922002DC75B /* cLock_TimerApp.swift */; };
		35262A9329C1A922002DC75B /* ContentView.swift in Sources */ = {isa = PBXBuildFile; fileRef = 35262A9229C1A922002DC75B /* ContentView.swift */; };
		35262A9529C1A927002DC75B /* Assets.xcassets in Resources */ = {isa = PBXBuildFile; fileRef = 35262A9429C1A927002DC75B /* Assets.xcassets */; };
		35262A9829C1A927002DC75B /* Preview Assets.xcassets in Resources */ = {isa = PBXBuildFile; fileRef = 35262A9729C1A927002DC75B /* Preview Assets.xcassets */; };
		35262A9F29C1AA7C002DC75B /* PickerView.swift in Sources */ = {isa = PBXBuildFile; fileRef = 35262A9E29C1AA7C002DC75B /* PickerView.swift */; };
		35262AA129C1AA8C002DC75B /* TimeManager.swift in Sources */ = {isa = PBXBuildFile; fileRef = 35262AA029C1AA8C002DC75B /* TimeManager.swift */; };
		35262AA529C1AC1B002DC75B /* StartTimePickerView.swift in Sources */ = {isa = PBXBuildFile; fileRef = 35262AA429C1AC1B002DC75B /* StartTimePickerView.swift */; };
		35262AA729C1AF14002DC75B /* TimerSettingView.swift in Sources */ = {isa = PBXBuildFile; fileRef = 35262AA629C1AF14002DC75B /* TimerSettingView.swift */; };
		35262AA929C1B0E8002DC75B /* UserDataView.swift in Sources */ = {isa = PBXBuildFile; fileRef = 35262AA829C1B0E8002DC75B /* UserDataView.swift */; };
		35262AAB29C1B248002DC75B /* TaskView.swift in Sources */ = {isa = PBXBuildFile; fileRef = 35262AAA29C1B248002DC75B /* TaskView.swift */; };
		35262AAD29C1B409002DC75B /* Data.swift in Sources */ = {isa = PBXBuildFile; fileRef = 35262AAC29C1B409002DC75B /* Data.swift */; };
		354294EE29C1E0D000A1456D /* SettingView.swift in Sources */ = {isa = PBXBuildFile; fileRef = 354294ED29C1E0D000A1456D /* SettingView.swift */; };
		35AB068629D296F300338873 /* CharacterData.swift in Sources */ = {isa = PBXBuildFile; fileRef = 35AB068529D296F300338873 /* CharacterData.swift */; };
		35AB068829D2CCBE00338873 /* CharacterDetailView.swift in Sources */ = {isa = PBXBuildFile; fileRef = 35AB068729D2CCBE00338873 /* CharacterDetailView.swift */; };
		35EAD27429C462C1002A15A6 /* Task.swift in Sources */ = {isa = PBXBuildFile; fileRef = 35EAD27329C462C1002A15A6 /* Task.swift */; };
		35EAD27629C46323002A15A6 /* DateValue.swift in Sources */ = {isa = PBXBuildFile; fileRef = 35EAD27529C46323002A15A6 /* DateValue.swift */; };
		35EAD27829C5DC46002A15A6 /* TestContentView.swift in Sources */ = {isa = PBXBuildFile; fileRef = 35EAD27729C5DC46002A15A6 /* TestContentView.swift */; };
		35EAD27B29C6D512002A15A6 /* SquareProgressView.swift in Sources */ = {isa = PBXBuildFile; fileRef = 35EAD27A29C6D512002A15A6 /* SquareProgressView.swift */; };
		35F60DB629CEF6ED00AEF890 /* TimeLineView.swift in Sources */ = {isa = PBXBuildFile; fileRef = 35F60DB529CEF6ED00AEF890 /* TimeLineView.swift */; };
		35FC6A8429C9D7A600A0D380 /* TestUserDataView.swift in Sources */ = {isa = PBXBuildFile; fileRef = 35FC6A8329C9D7A600A0D380 /* TestUserDataView.swift */; };
		35FC6A8629CB3DDB00A0D380 /* TimelineList.swift in Sources */ = {isa = PBXBuildFile; fileRef = 35FC6A8529CB3DDB00A0D380 /* TimelineList.swift */; };
		F2386459B8CD59025AE83951 /* Pods_cLock_Timer.framework in Frameworks */ = {isa = PBXBuildFile; fileRef = F82DA3020A35D44AF129389D /* Pods_cLock_Timer.framework */; };
/* End PBXBuildFile section */

/* Begin PBXFileReference section */
		3411F34F59003A8B9DBB7B81 /* Pods-cLock_Timer.debug.xcconfig */ = {isa = PBXFileReference; includeInIndex = 1; lastKnownFileType = text.xcconfig; name = "Pods-cLock_Timer.debug.xcconfig"; path = "Target Support Files/Pods-cLock_Timer/Pods-cLock_Timer.debug.xcconfig"; sourceTree = "<group>"; };
		35262A8D29C1A922002DC75B /* cLock_Timer.app */ = {isa = PBXFileReference; explicitFileType = wrapper.application; includeInIndex = 0; path = cLock_Timer.app; sourceTree = BUILT_PRODUCTS_DIR; };
		35262A9029C1A922002DC75B /* cLock_TimerApp.swift */ = {isa = PBXFileReference; lastKnownFileType = sourcecode.swift; path = cLock_TimerApp.swift; sourceTree = "<group>"; };
		35262A9229C1A922002DC75B /* ContentView.swift */ = {isa = PBXFileReference; lastKnownFileType = sourcecode.swift; path = ContentView.swift; sourceTree = "<group>"; };
		35262A9429C1A927002DC75B /* Assets.xcassets */ = {isa = PBXFileReference; lastKnownFileType = folder.assetcatalog; path = Assets.xcassets; sourceTree = "<group>"; };
		35262A9729C1A927002DC75B /* Preview Assets.xcassets */ = {isa = PBXFileReference; lastKnownFileType = folder.assetcatalog; path = "Preview Assets.xcassets"; sourceTree = "<group>"; };
		35262A9E29C1AA7C002DC75B /* PickerView.swift */ = {isa = PBXFileReference; lastKnownFileType = sourcecode.swift; path = PickerView.swift; sourceTree = "<group>"; };
		35262AA029C1AA8C002DC75B /* TimeManager.swift */ = {isa = PBXFileReference; lastKnownFileType = sourcecode.swift; path = TimeManager.swift; sourceTree = "<group>"; };
		35262AA429C1AC1B002DC75B /* StartTimePickerView.swift */ = {isa = PBXFileReference; lastKnownFileType = sourcecode.swift; path = StartTimePickerView.swift; sourceTree = "<group>"; };
		35262AA629C1AF14002DC75B /* TimerSettingView.swift */ = {isa = PBXFileReference; lastKnownFileType = sourcecode.swift; path = TimerSettingView.swift; sourceTree = "<group>"; };
		35262AA829C1B0E8002DC75B /* UserDataView.swift */ = {isa = PBXFileReference; lastKnownFileType = sourcecode.swift; path = UserDataView.swift; sourceTree = "<group>"; };
		35262AAA29C1B248002DC75B /* TaskView.swift */ = {isa = PBXFileReference; lastKnownFileType = sourcecode.swift; path = TaskView.swift; sourceTree = "<group>"; };
		35262AAC29C1B409002DC75B /* Data.swift */ = {isa = PBXFileReference; lastKnownFileType = sourcecode.swift; path = Data.swift; sourceTree = "<group>"; };
		354294ED29C1E0D000A1456D /* SettingView.swift */ = {isa = PBXFileReference; lastKnownFileType = sourcecode.swift; path = SettingView.swift; sourceTree = "<group>"; };
		35AB068529D296F300338873 /* CharacterData.swift */ = {isa = PBXFileReference; lastKnownFileType = sourcecode.swift; path = CharacterData.swift; sourceTree = "<group>"; };
		35AB068729D2CCBE00338873 /* CharacterDetailView.swift */ = {isa = PBXFileReference; lastKnownFileType = sourcecode.swift; path = CharacterDetailView.swift; sourceTree = "<group>"; };
		35EAD27329C462C1002A15A6 /* Task.swift */ = {isa = PBXFileReference; lastKnownFileType = sourcecode.swift; path = Task.swift; sourceTree = "<group>"; };
		35EAD27529C46323002A15A6 /* DateValue.swift */ = {isa = PBXFileReference; lastKnownFileType = sourcecode.swift; path = DateValue.swift; sourceTree = "<group>"; };
		35EAD27729C5DC46002A15A6 /* TestContentView.swift */ = {isa = PBXFileReference; lastKnownFileType = sourcecode.swift; path = TestContentView.swift; sourceTree = "<group>"; };
		35EAD27A29C6D512002A15A6 /* SquareProgressView.swift */ = {isa = PBXFileReference; lastKnownFileType = sourcecode.swift; path = SquareProgressView.swift; sourceTree = "<group>"; };
		35EAD27D29C6F7EF002A15A6 /* cLock-Timer-Info.plist */ = {isa = PBXFileReference; lastKnownFileType = text.plist; path = "cLock-Timer-Info.plist"; sourceTree = SOURCE_ROOT; };
		35F60DB529CEF6ED00AEF890 /* TimeLineView.swift */ = {isa = PBXFileReference; lastKnownFileType = sourcecode.swift; path = TimeLineView.swift; sourceTree = "<group>"; };
		35FC6A8329C9D7A600A0D380 /* TestUserDataView.swift */ = {isa = PBXFileReference; lastKnownFileType = sourcecode.swift; path = TestUserDataView.swift; sourceTree = "<group>"; };
		35FC6A8529CB3DDB00A0D380 /* TimelineList.swift */ = {isa = PBXFileReference; lastKnownFileType = sourcecode.swift; path = TimelineList.swift; sourceTree = "<group>"; };
		C09B884FC6F9446252D8B865 /* Pods-cLock_Timer.release.xcconfig */ = {isa = PBXFileReference; includeInIndex = 1; lastKnownFileType = text.xcconfig; name = "Pods-cLock_Timer.release.xcconfig"; path = "Target Support Files/Pods-cLock_Timer/Pods-cLock_Timer.release.xcconfig"; sourceTree = "<group>"; };
		F82DA3020A35D44AF129389D /* Pods_cLock_Timer.framework */ = {isa = PBXFileReference; explicitFileType = wrapper.framework; includeInIndex = 0; path = Pods_cLock_Timer.framework; sourceTree = BUILT_PRODUCTS_DIR; };
/* End PBXFileReference section */

/* Begin PBXFrameworksBuildPhase section */
		35262A8A29C1A922002DC75B /* Frameworks */ = {
			isa = PBXFrameworksBuildPhase;
			buildActionMask = 2147483647;
			files = (
				F2386459B8CD59025AE83951 /* Pods_cLock_Timer.framework in Frameworks */,
			);
			runOnlyForDeploymentPostprocessing = 0;
		};
/* End PBXFrameworksBuildPhase section */

/* Begin PBXGroup section */
		350B4C7429C81C8E0037CBAC /* MainView */ = {
			isa = PBXGroup;
			children = (
				35262AA829C1B0E8002DC75B /* UserDataView.swift */,
				35262AAA29C1B248002DC75B /* TaskView.swift */,
				35F60DB529CEF6ED00AEF890 /* TimeLineView.swift */,
				35AB068729D2CCBE00338873 /* CharacterDetailView.swift */,
			);
			path = MainView;
			sourceTree = "<group>";
		};
		35262A8429C1A922002DC75B = {
			isa = PBXGroup;
			children = (
				35262A8F29C1A922002DC75B /* cLock_Timer */,
				35262A8E29C1A922002DC75B /* Products */,
				CD78C8736976DDE1084542DA /* Pods */,
				F4569A22C26054DC178311DA /* Frameworks */,
			);
			sourceTree = "<group>";
		};
		35262A8E29C1A922002DC75B /* Products */ = {
			isa = PBXGroup;
			children = (
				35262A8D29C1A922002DC75B /* cLock_Timer.app */,
			);
			name = Products;
			sourceTree = "<group>";
		};
		35262A8F29C1A922002DC75B /* cLock_Timer */ = {
			isa = PBXGroup;
			children = (
				35EAD27D29C6F7EF002A15A6 /* cLock-Timer-Info.plist */,
				35262A9029C1A922002DC75B /* cLock_TimerApp.swift */,
				35262AA329C1AA9C002DC75B /* Model */,
				35262AA229C1AA95002DC75B /* View */,
				35262A9429C1A927002DC75B /* Assets.xcassets */,
				35262A9629C1A927002DC75B /* Preview Content */,
			);
			path = cLock_Timer;
			sourceTree = "<group>";
		};
		35262A9629C1A927002DC75B /* Preview Content */ = {
			isa = PBXGroup;
			children = (
				35262A9729C1A927002DC75B /* Preview Assets.xcassets */,
			);
			path = "Preview Content";
			sourceTree = "<group>";
		};
		35262AA229C1AA95002DC75B /* View */ = {
			isa = PBXGroup;
			children = (
				35262A9229C1A922002DC75B /* ContentView.swift */,
				350B4C7429C81C8E0037CBAC /* MainView */,
				35EAD24E29C42697002A15A6 /* SettingView */,
				35EAD24D29C42691002A15A6 /* Picker */,
				35EAD27929C6D4F0002A15A6 /* Parts */,
				35EAD27C29C6D572002A15A6 /* TestView */,
			);
			path = View;
			sourceTree = "<group>";
		};
		35262AA329C1AA9C002DC75B /* Model */ = {
			isa = PBXGroup;
			children = (
				35262AA029C1AA8C002DC75B /* TimeManager.swift */,
				35262AAC29C1B409002DC75B /* Data.swift */,
				35EAD27329C462C1002A15A6 /* Task.swift */,
				35EAD27529C46323002A15A6 /* DateValue.swift */,
				35AB068529D296F300338873 /* CharacterData.swift */,
			);
			path = Model;
			sourceTree = "<group>";
		};
		35EAD24D29C42691002A15A6 /* Picker */ = {
			isa = PBXGroup;
			children = (
				35262A9E29C1AA7C002DC75B /* PickerView.swift */,
				35262AA429C1AC1B002DC75B /* StartTimePickerView.swift */,
			);
			path = Picker;
			sourceTree = "<group>";
		};
		35EAD24E29C42697002A15A6 /* SettingView */ = {
			isa = PBXGroup;
			children = (
				354294ED29C1E0D000A1456D /* SettingView.swift */,
				35262AA629C1AF14002DC75B /* TimerSettingView.swift */,
			);
			path = SettingView;
			sourceTree = "<group>";
		};
		35EAD27929C6D4F0002A15A6 /* Parts */ = {
			isa = PBXGroup;
			children = (
				35EAD27A29C6D512002A15A6 /* SquareProgressView.swift */,
			);
			path = Parts;
			sourceTree = "<group>";
		};
		35EAD27C29C6D572002A15A6 /* TestView */ = {
			isa = PBXGroup;
			children = (
				35FC6A8529CB3DDB00A0D380 /* TimelineList.swift */,
				35EAD27729C5DC46002A15A6 /* TestContentView.swift */,
				35FC6A8329C9D7A600A0D380 /* TestUserDataView.swift */,
			);
			path = TestView;
			sourceTree = "<group>";
		};
		CD78C8736976DDE1084542DA /* Pods */ = {
			isa = PBXGroup;
			children = (
				3411F34F59003A8B9DBB7B81 /* Pods-cLock_Timer.debug.xcconfig */,
				C09B884FC6F9446252D8B865 /* Pods-cLock_Timer.release.xcconfig */,
			);
			path = Pods;
			sourceTree = "<group>";
		};
		F4569A22C26054DC178311DA /* Frameworks */ = {
			isa = PBXGroup;
			children = (
				F82DA3020A35D44AF129389D /* Pods_cLock_Timer.framework */,
			);
			name = Frameworks;
			sourceTree = "<group>";
		};
/* End PBXGroup section */

/* Begin PBXNativeTarget section */
		35262A8C29C1A922002DC75B /* cLock_Timer */ = {
			isa = PBXNativeTarget;
			buildConfigurationList = 35262A9B29C1A927002DC75B /* Build configuration list for PBXNativeTarget "cLock_Timer" */;
			buildPhases = (
				8E46A2850E34372236EB9AFE /* [CP] Check Pods Manifest.lock */,
				35262A8929C1A922002DC75B /* Sources */,
				35262A8A29C1A922002DC75B /* Frameworks */,
				35262A8B29C1A922002DC75B /* Resources */,
			);
			buildRules = (
			);
			dependencies = (
			);
			name = cLock_Timer;
			productName = cLock_Timer;
			productReference = 35262A8D29C1A922002DC75B /* cLock_Timer.app */;
			productType = "com.apple.product-type.application";
		};
/* End PBXNativeTarget section */

/* Begin PBXProject section */
		35262A8529C1A922002DC75B /* Project object */ = {
			isa = PBXProject;
			attributes = {
				BuildIndependentTargetsInParallel = 1;
				LastSwiftUpdateCheck = 1420;
				LastUpgradeCheck = 1420;
				TargetAttributes = {
					35262A8C29C1A922002DC75B = {
						CreatedOnToolsVersion = 14.2;
					};
				};
			};
			buildConfigurationList = 35262A8829C1A922002DC75B /* Build configuration list for PBXProject "cLock_Timer" */;
			compatibilityVersion = "Xcode 14.0";
			developmentRegion = en;
			hasScannedForEncodings = 0;
			knownRegions = (
				en,
				Base,
			);
			mainGroup = 35262A8429C1A922002DC75B;
			productRefGroup = 35262A8E29C1A922002DC75B /* Products */;
			projectDirPath = "";
			projectRoot = "";
			targets = (
				35262A8C29C1A922002DC75B /* cLock_Timer */,
			);
		};
/* End PBXProject section */

/* Begin PBXResourcesBuildPhase section */
		35262A8B29C1A922002DC75B /* Resources */ = {
			isa = PBXResourcesBuildPhase;
			buildActionMask = 2147483647;
			files = (
				35262A9829C1A927002DC75B /* Preview Assets.xcassets in Resources */,
				35262A9529C1A927002DC75B /* Assets.xcassets in Resources */,
			);
			runOnlyForDeploymentPostprocessing = 0;
		};
/* End PBXResourcesBuildPhase section */

/* Begin PBXShellScriptBuildPhase section */
		8E46A2850E34372236EB9AFE /* [CP] Check Pods Manifest.lock */ = {
			isa = PBXShellScriptBuildPhase;
			buildActionMask = 2147483647;
			files = (
			);
			inputFileListPaths = (
			);
			inputPaths = (
				"${PODS_PODFILE_DIR_PATH}/Podfile.lock",
				"${PODS_ROOT}/Manifest.lock",
			);
			name = "[CP] Check Pods Manifest.lock";
			outputFileListPaths = (
			);
			outputPaths = (
				"$(DERIVED_FILE_DIR)/Pods-cLock_Timer-checkManifestLockResult.txt",
			);
			runOnlyForDeploymentPostprocessing = 0;
			shellPath = /bin/sh;
			shellScript = "diff \"${PODS_PODFILE_DIR_PATH}/Podfile.lock\" \"${PODS_ROOT}/Manifest.lock\" > /dev/null\nif [ $? != 0 ] ; then\n    # print error to STDERR\n    echo \"error: The sandbox is not in sync with the Podfile.lock. Run 'pod install' or update your CocoaPods installation.\" >&2\n    exit 1\nfi\n# This output is used by Xcode 'outputs' to avoid re-running this script phase.\necho \"SUCCESS\" > \"${SCRIPT_OUTPUT_FILE_0}\"\n";
			showEnvVarsInLog = 0;
		};
/* End PBXShellScriptBuildPhase section */

/* Begin PBXSourcesBuildPhase section */
		35262A8929C1A922002DC75B /* Sources */ = {
			isa = PBXSourcesBuildPhase;
			buildActionMask = 2147483647;
			files = (
				35FC6A8629CB3DDB00A0D380 /* TimelineList.swift in Sources */,
				35262A9329C1A922002DC75B /* ContentView.swift in Sources */,
				354294EE29C1E0D000A1456D /* SettingView.swift in Sources */,
				35AB068829D2CCBE00338873 /* CharacterDetailView.swift in Sources */,
				35EAD27B29C6D512002A15A6 /* SquareProgressView.swift in Sources */,
				35262AA529C1AC1B002DC75B /* StartTimePickerView.swift in Sources */,
				35EAD27829C5DC46002A15A6 /* TestContentView.swift in Sources */,
				35262A9129C1A922002DC75B /* cLock_TimerApp.swift in Sources */,
				35EAD27429C462C1002A15A6 /* Task.swift in Sources */,
				35F60DB629CEF6ED00AEF890 /* TimeLineView.swift in Sources */,
				35262AA729C1AF14002DC75B /* TimerSettingView.swift in Sources */,
				35262AA129C1AA8C002DC75B /* TimeManager.swift in Sources */,
				35262A9F29C1AA7C002DC75B /* PickerView.swift in Sources */,
				35FC6A8429C9D7A600A0D380 /* TestUserDataView.swift in Sources */,
				35262AA929C1B0E8002DC75B /* UserDataView.swift in Sources */,
				35EAD27629C46323002A15A6 /* DateValue.swift in Sources */,
				35262AAD29C1B409002DC75B /* Data.swift in Sources */,
				35262AAB29C1B248002DC75B /* TaskView.swift in Sources */,
				35AB068629D296F300338873 /* CharacterData.swift in Sources */,
			);
			runOnlyForDeploymentPostprocessing = 0;
		};
/* End PBXSourcesBuildPhase section */

/* Begin XCBuildConfiguration section */
		35262A9929C1A927002DC75B /* Debug */ = {
			isa = XCBuildConfiguration;
			buildSettings = {
				ALWAYS_SEARCH_USER_PATHS = NO;
				CLANG_ANALYZER_NONNULL = YES;
				CLANG_ANALYZER_NUMBER_OBJECT_CONVERSION = YES_AGGRESSIVE;
				CLANG_CXX_LANGUAGE_STANDARD = "gnu++20";
				CLANG_ENABLE_MODULES = YES;
				CLANG_ENABLE_OBJC_ARC = YES;
				CLANG_ENABLE_OBJC_WEAK = YES;
				CLANG_WARN_BLOCK_CAPTURE_AUTORELEASING = YES;
				CLANG_WARN_BOOL_CONVERSION = YES;
				CLANG_WARN_COMMA = YES;
				CLANG_WARN_CONSTANT_CONVERSION = YES;
				CLANG_WARN_DEPRECATED_OBJC_IMPLEMENTATIONS = YES;
				CLANG_WARN_DIRECT_OBJC_ISA_USAGE = YES_ERROR;
				CLANG_WARN_DOCUMENTATION_COMMENTS = YES;
				CLANG_WARN_EMPTY_BODY = YES;
				CLANG_WARN_ENUM_CONVERSION = YES;
				CLANG_WARN_INFINITE_RECURSION = YES;
				CLANG_WARN_INT_CONVERSION = YES;
				CLANG_WARN_NON_LITERAL_NULL_CONVERSION = YES;
				CLANG_WARN_OBJC_IMPLICIT_RETAIN_SELF = YES;
				CLANG_WARN_OBJC_LITERAL_CONVERSION = YES;
				CLANG_WARN_OBJC_ROOT_CLASS = YES_ERROR;
				CLANG_WARN_QUOTED_INCLUDE_IN_FRAMEWORK_HEADER = YES;
				CLANG_WARN_RANGE_LOOP_ANALYSIS = YES;
				CLANG_WARN_STRICT_PROTOTYPES = YES;
				CLANG_WARN_SUSPICIOUS_MOVE = YES;
				CLANG_WARN_UNGUARDED_AVAILABILITY = YES_AGGRESSIVE;
				CLANG_WARN_UNREACHABLE_CODE = YES;
				CLANG_WARN__DUPLICATE_METHOD_MATCH = YES;
				COPY_PHASE_STRIP = NO;
				DEBUG_INFORMATION_FORMAT = dwarf;
				ENABLE_STRICT_OBJC_MSGSEND = YES;
				ENABLE_TESTABILITY = YES;
				GCC_C_LANGUAGE_STANDARD = gnu11;
				GCC_DYNAMIC_NO_PIC = NO;
				GCC_NO_COMMON_BLOCKS = YES;
				GCC_OPTIMIZATION_LEVEL = 0;
				GCC_PREPROCESSOR_DEFINITIONS = (
					"DEBUG=1",
					"$(inherited)",
				);
				GCC_WARN_64_TO_32_BIT_CONVERSION = YES;
				GCC_WARN_ABOUT_RETURN_TYPE = YES_ERROR;
				GCC_WARN_UNDECLARED_SELECTOR = YES;
				GCC_WARN_UNINITIALIZED_AUTOS = YES_AGGRESSIVE;
				GCC_WARN_UNUSED_FUNCTION = YES;
				GCC_WARN_UNUSED_VARIABLE = YES;
				IPHONEOS_DEPLOYMENT_TARGET = 16.0;
				MTL_ENABLE_DEBUG_INFO = INCLUDE_SOURCE;
				MTL_FAST_MATH = YES;
				ONLY_ACTIVE_ARCH = YES;
				SDKROOT = iphoneos;
				SWIFT_ACTIVE_COMPILATION_CONDITIONS = DEBUG;
				SWIFT_OPTIMIZATION_LEVEL = "-Onone";
			};
			name = Debug;
		};
		35262A9A29C1A927002DC75B /* Release */ = {
			isa = XCBuildConfiguration;
			buildSettings = {
				ALWAYS_SEARCH_USER_PATHS = NO;
				CLANG_ANALYZER_NONNULL = YES;
				CLANG_ANALYZER_NUMBER_OBJECT_CONVERSION = YES_AGGRESSIVE;
				CLANG_CXX_LANGUAGE_STANDARD = "gnu++20";
				CLANG_ENABLE_MODULES = YES;
				CLANG_ENABLE_OBJC_ARC = YES;
				CLANG_ENABLE_OBJC_WEAK = YES;
				CLANG_WARN_BLOCK_CAPTURE_AUTORELEASING = YES;
				CLANG_WARN_BOOL_CONVERSION = YES;
				CLANG_WARN_COMMA = YES;
				CLANG_WARN_CONSTANT_CONVERSION = YES;
				CLANG_WARN_DEPRECATED_OBJC_IMPLEMENTATIONS = YES;
				CLANG_WARN_DIRECT_OBJC_ISA_USAGE = YES_ERROR;
				CLANG_WARN_DOCUMENTATION_COMMENTS = YES;
				CLANG_WARN_EMPTY_BODY = YES;
				CLANG_WARN_ENUM_CONVERSION = YES;
				CLANG_WARN_INFINITE_RECURSION = YES;
				CLANG_WARN_INT_CONVERSION = YES;
				CLANG_WARN_NON_LITERAL_NULL_CONVERSION = YES;
				CLANG_WARN_OBJC_IMPLICIT_RETAIN_SELF = YES;
				CLANG_WARN_OBJC_LITERAL_CONVERSION = YES;
				CLANG_WARN_OBJC_ROOT_CLASS = YES_ERROR;
				CLANG_WARN_QUOTED_INCLUDE_IN_FRAMEWORK_HEADER = YES;
				CLANG_WARN_RANGE_LOOP_ANALYSIS = YES;
				CLANG_WARN_STRICT_PROTOTYPES = YES;
				CLANG_WARN_SUSPICIOUS_MOVE = YES;
				CLANG_WARN_UNGUARDED_AVAILABILITY = YES_AGGRESSIVE;
				CLANG_WARN_UNREACHABLE_CODE = YES;
				CLANG_WARN__DUPLICATE_METHOD_MATCH = YES;
				COPY_PHASE_STRIP = NO;
				DEBUG_INFORMATION_FORMAT = "dwarf-with-dsym";
				ENABLE_NS_ASSERTIONS = NO;
				ENABLE_STRICT_OBJC_MSGSEND = YES;
				GCC_C_LANGUAGE_STANDARD = gnu11;
				GCC_NO_COMMON_BLOCKS = YES;
				GCC_WARN_64_TO_32_BIT_CONVERSION = YES;
				GCC_WARN_ABOUT_RETURN_TYPE = YES_ERROR;
				GCC_WARN_UNDECLARED_SELECTOR = YES;
				GCC_WARN_UNINITIALIZED_AUTOS = YES_AGGRESSIVE;
				GCC_WARN_UNUSED_FUNCTION = YES;
				GCC_WARN_UNUSED_VARIABLE = YES;
				IPHONEOS_DEPLOYMENT_TARGET = 16.0;
				MTL_ENABLE_DEBUG_INFO = NO;
				MTL_FAST_MATH = YES;
				SDKROOT = iphoneos;
				SWIFT_COMPILATION_MODE = wholemodule;
				SWIFT_OPTIMIZATION_LEVEL = "-O";
				VALIDATE_PRODUCT = YES;
			};
			name = Release;
		};
		35262A9C29C1A927002DC75B /* Debug */ = {
			isa = XCBuildConfiguration;
			baseConfigurationReference = 3411F34F59003A8B9DBB7B81 /* Pods-cLock_Timer.debug.xcconfig */;
			buildSettings = {
				ASSETCATALOG_COMPILER_APPICON_NAME = AppIcon;
				ASSETCATALOG_COMPILER_GLOBAL_ACCENT_COLOR_NAME = AccentColor;
				CODE_SIGN_IDENTITY = "Apple Development";
				CODE_SIGN_STYLE = Automatic;
				CURRENT_PROJECT_VERSION = 1.20;
				DEVELOPMENT_ASSET_PATHS = "\"cLock_Timer/Preview Content\"";
				DEVELOPMENT_TEAM = NZ6NQZK56A;
				ENABLE_PREVIEWS = YES;
				GENERATE_INFOPLIST_FILE = YES;
				INFOPLIST_FILE = "cLock-Timer-Info.plist";
				INFOPLIST_KEY_CFBundleDisplayName = "cLock Timer";
				INFOPLIST_KEY_LSApplicationCategoryType = "public.app-category.utilities";
				INFOPLIST_KEY_UIApplicationSupportsIndirectInputEvents = YES;
				INFOPLIST_KEY_UILaunchScreen_Generation = YES;
				INFOPLIST_KEY_UISupportedInterfaceOrientations = "UIInterfaceOrientationLandscapeLeft UIInterfaceOrientationLandscapeRight UIInterfaceOrientationPortrait UIInterfaceOrientationPortraitUpsideDown";
				IPHONEOS_DEPLOYMENT_TARGET = 16.0;
				LD_RUNPATH_SEARCH_PATHS = (
					"$(inherited)",
					"@executable_path/Frameworks",
				);
				MARKETING_VERSION = 1.2;
				PRODUCT_BUNDLE_IDENTIFIER = myproject.cLockTimer;
				PRODUCT_NAME = "$(TARGET_NAME)";
				PROVISIONING_PROFILE_SPECIFIER = "";
				SWIFT_EMIT_LOC_STRINGS = YES;
				SWIFT_VERSION = 5.0;
				TARGETED_DEVICE_FAMILY = "1,2";
			};
			name = Debug;
		};
		35262A9D29C1A927002DC75B /* Release */ = {
			isa = XCBuildConfiguration;
			baseConfigurationReference = C09B884FC6F9446252D8B865 /* Pods-cLock_Timer.release.xcconfig */;
			buildSettings = {
				ASSETCATALOG_COMPILER_APPICON_NAME = AppIcon;
				ASSETCATALOG_COMPILER_GLOBAL_ACCENT_COLOR_NAME = AccentColor;
				CODE_SIGN_IDENTITY = "Apple Development";
				CODE_SIGN_STYLE = Automatic;
				CURRENT_PROJECT_VERSION = 1.20;
				DEVELOPMENT_ASSET_PATHS = "\"cLock_Timer/Preview Content\"";
				DEVELOPMENT_TEAM = NZ6NQZK56A;
				ENABLE_PREVIEWS = YES;
				GENERATE_INFOPLIST_FILE = YES;
				INFOPLIST_FILE = "cLock-Timer-Info.plist";
				INFOPLIST_KEY_CFBundleDisplayName = "cLock Timer";
				INFOPLIST_KEY_LSApplicationCategoryType = "public.app-category.utilities";
				INFOPLIST_KEY_UIApplicationSupportsIndirectInputEvents = YES;
				INFOPLIST_KEY_UILaunchScreen_Generation = YES;
				INFOPLIST_KEY_UISupportedInterfaceOrientations = "UIInterfaceOrientationLandscapeLeft UIInterfaceOrientationLandscapeRight UIInterfaceOrientationPortrait UIInterfaceOrientationPortraitUpsideDown";
				IPHONEOS_DEPLOYMENT_TARGET = 16.0;
				LD_RUNPATH_SEARCH_PATHS = (
					"$(inherited)",
					"@executable_path/Frameworks",
				);
				MARKETING_VERSION = 1.2;
				PRODUCT_BUNDLE_IDENTIFIER = myproject.cLockTimer;
				PRODUCT_NAME = "$(TARGET_NAME)";
				PROVISIONING_PROFILE_SPECIFIER = "";
				SWIFT_EMIT_LOC_STRINGS = YES;
				SWIFT_VERSION = 5.0;
				TARGETED_DEVICE_FAMILY = "1,2";
			};
			name = Release;
		};
/* End XCBuildConfiguration section */

/* Begin XCConfigurationList section */
		35262A8829C1A922002DC75B /* Build configuration list for PBXProject "cLock_Timer" */ = {
			isa = XCConfigurationList;
			buildConfigurations = (
				35262A9929C1A927002DC75B /* Debug */,
				35262A9A29C1A927002DC75B /* Release */,
			);
			defaultConfigurationIsVisible = 0;
			defaultConfigurationName = Release;
		};
		35262A9B29C1A927002DC75B /* Build configuration list for PBXNativeTarget "cLock_Timer" */ = {
			isa = XCConfigurationList;
			buildConfigurations = (
				35262A9C29C1A927002DC75B /* Debug */,
				35262A9D29C1A927002DC75B /* Release */,
			);
			defaultConfigurationIsVisible = 0;
			defaultConfigurationName = Release;
		};
/* End XCConfigurationList section */
	};
	rootObject = 35262A8529C1A922002DC75B /* Project object */;
}
